{
  "version": 4,
  "terraform_version": "1.5.7",
  "serial": 11,
  "lineage": "e7d7f673-251a-46b7-1e2a-12c062551497",
  "outputs": {
    "chosen_network": {
      "value": [
        {
          "cidr": "185.97.116.0/22",
          "description": "",
          "dhcp_range": {
            "end": "185.97.119.250",
            "start": "185.97.116.10"
          },
          "dns_servers": [
            "1.1.1.1",
            "8.8.8.8"
          ],
          "enable_dhcp": true,
          "enable_gateway": true,
          "gateway_ip": "185.97.116.1",
          "mtu": 1500,
          "name": "public204",
          "network_id": "5fd12d22-b0dd-46d7-98b4-e56160db6664",
          "servers": [
            {
              "id": "163ca223-c716-4f0f-ac01-e53d401c86ab",
              "ip": "185.97.117.138",
              "name": "Monitoring-DONT'T-DELETE",
              "port_id": "ecab6139-48ed-4d71-a047-67e966a8a2e6"
            }
          ],
          "shared": true,
          "subnet_id": "9e1923ef-dcd3-49dc-9eb4-2f736c9c713f"
        }
      ],
      "type": [
        "tuple",
        [
          [
            "object",
            {
              "cidr": "string",
              "description": "string",
              "dhcp_range": [
                "object",
                {
                  "end": "string",
                  "start": "string"
                }
              ],
              "dns_servers": [
                "set",
                "string"
              ],
              "enable_dhcp": "bool",
              "enable_gateway": "bool",
              "gateway_ip": "string",
              "mtu": "number",
              "name": "string",
              "network_id": "string",
              "servers": [
                "set",
                [
                  "object",
                  {
                    "id": "string",
                    "ip": "string",
                    "name": "string",
                    "port_id": "string"
                  }
                ]
              ],
              "shared": "bool",
              "subnet_id": "string"
            }
          ]
        ]
      ]
    },
    "chosen_ssh_key": {
      "value": [
        {
          "name": "openstack-key",
          "public_key": "ssh-rsa AAAAB3NzaC1yc2EAAAADAQABAAABAQC8dBs/ev74mUWoI8phwiY15xDSNK7Mdvy8ta0na+OGvDd0aOghvAfpwop/wEnlmj+V4wkmKo1hnmfK1FS0JWwNoVTo/GyhSVnd2wJ1RtQUluauhVZxhmURipsltNYjmwZR7h3vyP7cEUjuGB44BHYmrIbr/qvLQ1takQKM6tmP0H6piYKDBBP7N19cDHU7K/RRuX58vGO/OR5lvg/AfHQG2rfweitGaK/yBdlR5uvl4AClPjaQ9yLqDqL8lXdv8Zwgo8w7ARzC1Zn93SOGI1okoR6GMvG2DRJwXnUHZeL4Hcu2Hfite2sLVFsbIH/1f++mb2JBIUSl61hpiLOV7Na5\n Generated by ArvanCloud"
        }
      ],
      "type": [
        "tuple",
        [
          [
            "object",
            {
              "name": "string",
              "public_key": "string"
            }
          ]
        ]
      ]
    },
    "network_list": {
      "value": [
        {
          "cidr": "10.0.0.0/24",
          "description": "",
          "dhcp_range": {
            "end": "10.0.0.254",
            "start": "10.0.0.2"
          },
          "dns_servers": [
            "8.8.8.8"
          ],
          "enable_dhcp": true,
          "enable_gateway": true,
          "gateway_ip": "10.0.0.1",
          "mtu": 1442,
          "name": "Pooria MON",
          "network_id": "b9ccd585-1d28-4821-b74a-b27c262e8541",
          "servers": null,
          "shared": false,
          "subnet_id": "c56d16d4-72c8-4d53-87ee-e0b73ac177ab"
        },
        {
          "cidr": "172.20.0.0/24",
          "description": "",
          "dhcp_range": {
            "end": "172.20.0.250",
            "start": "172.20.0.100"
          },
          "dns_servers": [
            "1.1.1.1",
            "8.8.8.8"
          ],
          "enable_dhcp": true,
          "enable_gateway": true,
          "gateway_ip": "172.20.0.1",
          "mtu": 1500,
          "name": "tf_private_network-1",
          "network_id": "8ff09659-e913-412f-ab97-ecb0f03ff554",
          "servers": null,
          "shared": false,
          "subnet_id": "b8d96eb8-676e-405d-94bf-10e9ab92961c"
        },
        {
          "cidr": "185.206.92.0/22",
          "description": "",
          "dhcp_range": {
            "end": "185.206.95.250",
            "start": "185.206.92.10"
          },
          "dns_servers": [
            "1.1.1.1",
            "8.8.8.8"
          ],
          "enable_dhcp": true,
          "enable_gateway": true,
          "gateway_ip": "185.206.92.1",
          "mtu": 1500,
          "name": "public205",
          "network_id": "355d682c-07d7-4788-86b0-0140ba744e98",
          "servers": [
            {
              "id": "163ca223-c716-4f0f-ac01-e53d401c86ab",
              "ip": "185.206.92.205",
              "name": "Monitoring-DONT'T-DELETE",
              "port_id": "62c11225-6b81-4e8f-ac6f-0ae5cf44220e"
            }
          ],
          "shared": true,
          "subnet_id": "e7145b2a-1fdd-43e4-8b96-99ca200e69ec"
        },
        {
          "cidr": "185.220.224.0/24",
          "description": "",
          "dhcp_range": {
            "end": "185.220.224.250",
            "start": "185.220.224.10"
          },
          "dns_servers": [
            "1.1.1.1",
            "8.8.8.8"
          ],
          "enable_dhcp": true,
          "enable_gateway": true,
          "gateway_ip": "185.220.224.1",
          "mtu": 1500,
          "name": "public206",
          "network_id": "1b52c16d-e094-4535-b760-95b0607ed8d0",
          "servers": [
            {
              "id": "163ca223-c716-4f0f-ac01-e53d401c86ab",
              "ip": "185.220.224.96",
              "name": "Monitoring-DONT'T-DELETE",
              "port_id": "6fe44daf-8753-4bdf-bde0-e6f5f72f55a7"
            }
          ],
          "shared": true,
          "subnet_id": "3d58f224-0764-433e-bb7c-73221a917993"
        },
        {
          "cidr": "185.239.105.0/24",
          "description": "",
          "dhcp_range": {
            "end": "185.239.105.250",
            "start": "185.239.105.10"
          },
          "dns_servers": [
            "1.1.1.1",
            "8.8.8.8"
          ],
          "enable_dhcp": true,
          "enable_gateway": true,
          "gateway_ip": "185.239.105.1",
          "mtu": 1500,
          "name": "public207",
          "network_id": "56f24bac-7999-4b56-9a5f-663252afbd19",
          "servers": [
            {
              "id": "163ca223-c716-4f0f-ac01-e53d401c86ab",
              "ip": "185.239.105.79",
              "name": "Monitoring-DONT'T-DELETE",
              "port_id": "9544757b-3e97-4a7a-8baf-d75ffe65a3de"
            }
          ],
          "shared": true,
          "subnet_id": "5e025698-6413-492f-ab2e-4895748c2d5f"
        },
        {
          "cidr": "185.239.106.0/23",
          "description": "",
          "dhcp_range": {
            "end": "185.239.107.250",
            "start": "185.239.106.10"
          },
          "dns_servers": [
            "1.1.1.1",
            "8.8.8.8"
          ],
          "enable_dhcp": true,
          "enable_gateway": true,
          "gateway_ip": "185.239.106.1",
          "mtu": 1500,
          "name": "public208",
          "network_id": "ec563974-3f3f-465c-ac7e-f13230d3f3d5",
          "servers": [
            {
              "id": "163ca223-c716-4f0f-ac01-e53d401c86ab",
              "ip": "185.239.106.44",
              "name": "Monitoring-DONT'T-DELETE",
              "port_id": "329adf5a-ef5b-4785-9277-6d4b9ddb8c54"
            }
          ],
          "shared": true,
          "subnet_id": "10bcf6b4-a70c-45a3-bf1d-60e7ccbad008"
        },
        {
          "cidr": "185.97.116.0/22",
          "description": "",
          "dhcp_range": {
            "end": "185.97.119.250",
            "start": "185.97.116.10"
          },
          "dns_servers": [
            "1.1.1.1",
            "8.8.8.8"
          ],
          "enable_dhcp": true,
          "enable_gateway": true,
          "gateway_ip": "185.97.116.1",
          "mtu": 1500,
          "name": "public204",
          "network_id": "5fd12d22-b0dd-46d7-98b4-e56160db6664",
          "servers": [
            {
              "id": "163ca223-c716-4f0f-ac01-e53d401c86ab",
              "ip": "185.97.117.138",
              "name": "Monitoring-DONT'T-DELETE",
              "port_id": "ecab6139-48ed-4d71-a047-67e966a8a2e6"
            }
          ],
          "shared": true,
          "subnet_id": "9e1923ef-dcd3-49dc-9eb4-2f736c9c713f"
        },
        {
          "cidr": "192.168.0.0/22",
          "description": "",
          "dhcp_range": {
            "end": "192.168.3.254",
            "start": "192.168.0.1"
          },
          "dns_servers": null,
          "enable_dhcp": true,
          "enable_gateway": false,
          "gateway_ip": null,
          "mtu": 1500,
          "name": "openstack-senario",
          "network_id": "d175b735-4fae-498c-86f0-3feec029958b",
          "servers": null,
          "shared": false,
          "subnet_id": "949cfe56-ea54-4f3a-b3f4-e6cd9cf5be9d"
        },
        {
          "cidr": "192.168.1.0/24",
          "description": "",
          "dhcp_range": {
            "end": "192.168.1.254",
            "start": "192.168.1.2"
          },
          "dns_servers": [
            "1.1.1.1"
          ],
          "enable_dhcp": true,
          "enable_gateway": true,
          "gateway_ip": "192.168.1.1",
          "mtu": 1442,
          "name": "mojtaba-privacy",
          "network_id": "ce6dd544-2790-4f92-a7d1-022f5c53a565",
          "servers": null,
          "shared": false,
          "subnet_id": "01ead10c-ba6d-44de-bc03-c6803b82284b"
        },
        {
          "cidr": "192.168.1.0/24",
          "description": "",
          "dhcp_range": {
            "end": "192.168.1.254",
            "start": "192.168.1.2"
          },
          "dns_servers": null,
          "enable_dhcp": false,
          "enable_gateway": true,
          "gateway_ip": "192.168.1.1",
          "mtu": 1500,
          "name": "Hello",
          "network_id": "d649edb4-6f9e-4b1d-9a70-4a28ff1775fd",
          "servers": null,
          "shared": false,
          "subnet_id": "28a85aa8-8cfd-4eba-9b41-2185c4cf9cd5"
        },
        {
          "cidr": "192.168.1.0/24",
          "description": "",
          "dhcp_range": {
            "end": "192.168.1.254",
            "start": "192.168.1.2"
          },
          "dns_servers": null,
          "enable_dhcp": false,
          "enable_gateway": true,
          "gateway_ip": "192.168.1.1",
          "mtu": 1500,
          "name": "test",
          "network_id": "c146e1ba-5ebd-4735-9c84-aa98a549522e",
          "servers": null,
          "shared": false,
          "subnet_id": "2493933c-8d73-4b7e-aa3a-4b3c7ecd4b85"
        },
        {
          "cidr": "192.168.1.0/24",
          "description": "",
          "dhcp_range": {
            "end": "192.168.1.254",
            "start": "192.168.1.2"
          },
          "dns_servers": null,
          "enable_dhcp": true,
          "enable_gateway": true,
          "gateway_ip": "192.168.1.1",
          "mtu": 1500,
          "name": "mhmdrza-nmap",
          "network_id": "790b69ed-e30f-42d5-bdc0-24be1d72173e",
          "servers": null,
          "shared": false,
          "subnet_id": "797c3140-1435-4247-a285-68512f4ae674"
        },
        {
          "cidr": "192.168.10.0/24",
          "description": "",
          "dhcp_range": {
            "end": "192.168.10.200",
            "start": "192.168.10.25"
          },
          "dns_servers": [
            "4.2.2.4",
            "8.8.8.8"
          ],
          "enable_dhcp": true,
          "enable_gateway": true,
          "gateway_ip": "192.168.10.1",
          "mtu": 1500,
          "name": "Farmaspy demo dxd",
          "network_id": "9a1569e5-faec-4fc0-aadd-e9e0566eac3b",
          "servers": null,
          "shared": false,
          "subnet_id": "c9520794-bb51-4187-9157-cd859468456a"
        },
        {
          "cidr": "193.176.240.0/23",
          "description": "",
          "dhcp_range": {
            "end": "193.176.241.250",
            "start": "193.176.240.10"
          },
          "dns_servers": [
            "1.1.1.1",
            "8.8.8.8"
          ],
          "enable_dhcp": true,
          "enable_gateway": true,
          "gateway_ip": "193.176.240.1",
          "mtu": 1500,
          "name": "public209",
          "network_id": "6ae23c6f-30db-4e00-a1e9-037b303a18b1",
          "servers": [
            {
              "id": "163ca223-c716-4f0f-ac01-e53d401c86ab",
              "ip": "193.176.241.97",
              "name": "Monitoring-DONT'T-DELETE",
              "port_id": "29b63314-70d0-4f53-a99a-d82ca97c0285"
            }
          ],
          "shared": true,
          "subnet_id": "b3ec0f5c-ca49-4f99-afdc-31483e4400c1"
        },
        {
          "cidr": "2a07:3904:0:2::/64",
          "description": "",
          "dhcp_range": {
            "end": "2a07:3904:0:2:ffff:ffff:ffff:fffa",
            "start": "2a07:3904:0:2::a"
          },
          "dns_servers": [
            "2001:4860:4860::8888",
            "2606:4700::1111"
          ],
          "enable_dhcp": false,
          "enable_gateway": true,
          "gateway_ip": "2a07:3904:0:2::1",
          "mtu": 1500,
          "name": "public291",
          "network_id": "2e1c68c1-58ac-4e96-99bd-10b3cba6f084",
          "servers": [
            {
              "id": "022dcc92-711a-4eed-abc4-a141d1563c8f",
              "ip": "2a07:3904:0:2::56d",
              "name": "debian-g1-medium5-Simin-1",
              "port_id": "347d20fe-14b1-45ff-bb10-a9da53a3e5df"
            },
            {
              "id": "52d8b5a1-f21a-43bc-801b-74ade125fe6a",
              "ip": "2a07:3904:0:2::2c1",
              "name": "iperf3-DONT'T-DELETE",
              "port_id": "2ae1dbff-2c0e-4038-9354-2c1b39f6390f"
            }
          ],
          "shared": true,
          "subnet_id": "bd6d4f0d-1731-46e1-89d5-98e1ebed9f66"
        },
        {
          "cidr": "37.152.176.0/21",
          "description": "",
          "dhcp_range": {
            "end": "37.152.183.250",
            "start": "37.152.176.10"
          },
          "dns_servers": [
            "1.1.1.1",
            "8.8.8.8"
          ],
          "enable_dhcp": true,
          "enable_gateway": true,
          "gateway_ip": "37.152.176.1",
          "mtu": 1500,
          "name": "شبکه پیش فرض",
          "network_id": "bab96191-dad5-46bb-96fd-3e29086aa504",
          "servers": [
            {
              "id": "163ca223-c716-4f0f-ac01-e53d401c86ab",
              "ip": "37.152.179.103",
              "name": "Monitoring-DONT'T-DELETE",
              "port_id": "905c1fff-aa0d-48b0-9b76-41169b5f41a0"
            }
          ],
          "shared": true,
          "subnet_id": "119d1a29-312d-4072-868b-f034e9bfe402"
        },
        {
          "cidr": "37.32.20.0/22",
          "description": "",
          "dhcp_range": {
            "end": "37.32.23.250",
            "start": "37.32.20.10"
          },
          "dns_servers": [
            "1.1.1.1",
            "8.8.8.8"
          ],
          "enable_dhcp": true,
          "enable_gateway": true,
          "gateway_ip": "37.32.20.1",
          "mtu": 1500,
          "name": "public211",
          "network_id": "8bcaf216-055b-4bc8-92f1-d18b8285bea5",
          "servers": [
            {
              "id": "022dcc92-711a-4eed-abc4-a141d1563c8f",
              "ip": "37.32.20.87",
              "name": "debian-g1-medium5-Simin-1",
              "port_id": "74429483-42de-4db7-be23-cf9b784f092b"
            },
            {
              "id": "163ca223-c716-4f0f-ac01-e53d401c86ab",
              "ip": "37.32.21.239",
              "name": "Monitoring-DONT'T-DELETE",
              "port_id": "c5828b7f-f0b7-4dbb-aeb3-4d67d694fbbb"
            }
          ],
          "shared": true,
          "subnet_id": "b8f1e091-9eae-4f55-b77d-3511469c96fb"
        },
        {
          "cidr": "45.82.136.0/23",
          "description": "",
          "dhcp_range": {
            "end": "45.82.137.250",
            "start": "45.82.136.10"
          },
          "dns_servers": [
            "1.1.1.1",
            "8.8.8.8"
          ],
          "enable_dhcp": true,
          "enable_gateway": true,
          "gateway_ip": "45.82.136.1",
          "mtu": 1500,
          "name": "public203",
          "network_id": "9b34a9db-4cee-4a26-aef3-77411e1b4573",
          "servers": [
            {
              "id": "163ca223-c716-4f0f-ac01-e53d401c86ab",
              "ip": "45.82.136.140",
              "name": "Monitoring-DONT'T-DELETE",
              "port_id": "d60be226-fb0b-4239-b0f9-de4009fb8bc9"
            },
            {
              "id": "52d8b5a1-f21a-43bc-801b-74ade125fe6a",
              "ip": "45.82.137.197",
              "name": "iperf3-DONT'T-DELETE",
              "port_id": "9608b780-6344-4773-bb4c-f25438e1b02d"
            }
          ],
          "shared": true,
          "subnet_id": "58fb8d29-5843-4a9d-8f08-819c6c709dbd"
        },
        {
          "cidr": "5.253.24.0/23",
          "description": "",
          "dhcp_range": {
            "end": "5.253.25.250",
            "start": "5.253.24.10"
          },
          "dns_servers": [
            "1.1.1.1",
            "8.8.8.8"
          ],
          "enable_dhcp": true,
          "enable_gateway": true,
          "gateway_ip": "5.253.24.1",
          "mtu": 1500,
          "name": "public202",
          "network_id": "51ed590d-2717-4d40-ac78-9f22a630b17d",
          "servers": [
            {
              "id": "163ca223-c716-4f0f-ac01-e53d401c86ab",
              "ip": "5.253.24.69",
              "name": "Monitoring-DONT'T-DELETE",
              "port_id": "2373798a-4368-4f53-b13b-eef9756bd7a8"
            }
          ],
          "shared": true,
          "subnet_id": "394a5be3-15b5-4344-916c-26396da8d81e"
        },
        {
          "cidr": "94.101.176.0/22",
          "description": "",
          "dhcp_range": {
            "end": "94.101.179.250",
            "start": "94.101.176.10"
          },
          "dns_servers": [
            "1.1.1.1",
            "8.8.8.8"
          ],
          "enable_dhcp": true,
          "enable_gateway": true,
          "gateway_ip": "94.101.176.1",
          "mtu": 1500,
          "name": "public210",
          "network_id": "ffc45924-fb78-475d-b315-f518c2153bf7",
          "servers": [
            {
              "id": "163ca223-c716-4f0f-ac01-e53d401c86ab",
              "ip": "94.101.178.105",
              "name": "Monitoring-DONT'T-DELETE",
              "port_id": "867c24bb-96f3-4779-a028-5558bc910361"
            }
          ],
          "shared": true,
          "subnet_id": "0b39f8e5-a12d-4a2e-8c95-1c369734056e"
        },
        {
          "cidr": "94.101.180.0/23",
          "description": "",
          "dhcp_range": {
            "end": "94.101.181.250",
            "start": "94.101.180.10"
          },
          "dns_servers": [
            "1.1.1.1",
            "8.8.8.8"
          ],
          "enable_dhcp": true,
          "enable_gateway": true,
          "gateway_ip": "94.101.180.1",
          "mtu": 1500,
          "name": "public218",
          "network_id": "05f405f7-966c-47c7-95e9-4bc1549614e7",
          "servers": [
            {
              "id": "163ca223-c716-4f0f-ac01-e53d401c86ab",
              "ip": "94.101.180.25",
              "name": "Monitoring-DONT'T-DELETE",
              "port_id": "d4346661-cf92-4b00-a069-31e3396aa665"
            }
          ],
          "shared": true,
          "subnet_id": "f656e81f-6786-4925-bfad-48723faa5c14"
        }
      ],
      "type": [
        "set",
        [
          "object",
          {
            "cidr": "string",
            "description": "string",
            "dhcp_range": [
              "object",
              {
                "end": "string",
                "start": "string"
              }
            ],
            "dns_servers": [
              "set",
              "string"
            ],
            "enable_dhcp": "bool",
            "enable_gateway": "bool",
            "gateway_ip": "string",
            "mtu": "number",
            "name": "string",
            "network_id": "string",
            "servers": [
              "set",
              [
                "object",
                {
                  "id": "string",
                  "ip": "string",
                  "name": "string",
                  "port_id": "string"
                }
              ]
            ],
            "shared": "bool",
            "subnet_id": "string"
          }
        ]
      ]
    }
  },
  "resources": [
    {
      "mode": "data",
      "type": "arvan_images",
      "name": "terraform_image",
      "provider": "provider[\"terraform.arvancloud.ir/arvancloud/iaas\"]",
      "instances": [
        {
          "schema_version": 0,
          "attributes": {
            "distributions": [
              {
                "disk": 0,
                "distro_name": "OpenSUSE",
                "id": "e2f6e645-3b4b-4dc6-b355-d4e510d39878",
                "name": "OpenSUSE",
                "password": true,
                "ram": 0,
                "ssh_key": true
              },
              {
                "disk": 0,
                "distro_name": "pfSense-CE",
                "id": "d385e95e-bd5f-46ff-ab51-058b1ca890c7",
                "name": "pfSense-CE",
                "password": true,
                "ram": 0,
                "ssh_key": false
              },
              {
                "disk": 0,
                "distro_name": "Finnix",
                "id": "df280664-6ce2-4f21-aacc-2881f87699f5",
                "name": "Finnix",
                "password": false,
                "ram": 0,
                "ssh_key": false
              },
              {
                "disk": 0,
                "distro_name": "OpenSUSE",
                "id": "e2f6e645-3b4b-4dc6-b355-d4e510d39878",
                "name": "OpenSUSE",
                "password": true,
                "ram": 0,
                "ssh_key": true
              },
              {
                "disk": 0,
                "distro_name": "pfSense-CE",
                "id": "d385e95e-bd5f-46ff-ab51-058b1ca890c7",
                "name": "pfSense-CE",
                "password": true,
                "ram": 0,
                "ssh_key": false
              },
              {
                "disk": 0,
                "distro_name": "Finnix",
                "id": "df280664-6ce2-4f21-aacc-2881f87699f5",
                "name": "Finnix",
                "password": false,
                "ram": 0,
                "ssh_key": false
              },
              {
                "disk": 0,
                "distro_name": "centos",
                "id": "8e19e68f-7d19-4ec7-9197-72c03060d73e",
                "name": "7",
                "password": true,
                "ram": 0,
                "ssh_key": true
              },
              {
                "disk": 0,
                "distro_name": "windows",
                "id": "1cc24572-6695-457a-82b7-26b7427e0c1d",
                "name": "2016",
                "password": false,
                "ram": 2048,
                "ssh_key": false
              },
              {
                "disk": 0,
                "distro_name": "windows",
                "id": "0d04a637-e838-4ca5-aec6-7c20865f858a",
                "name": "2019",
                "password": false,
                "ram": 2048,
                "ssh_key": false
              },
              {
                "disk": 0,
                "distro_name": "windows",
                "id": "5dccc4f6-d5db-42c4-a1b4-d598d2c2a4e8",
                "name": "2022",
                "password": false,
                "ram": 2048,
                "ssh_key": false
              },
              {
                "disk": 0,
                "distro_name": "ubuntu",
                "id": "c93472e8-b016-4d4e-b31a-0b098b9d3d81",
                "name": "22.04",
                "password": true,
                "ram": 0,
                "ssh_key": true
              },
              {
                "disk": 0,
                "distro_name": "ubuntu",
                "id": "57c47920-a332-4f2e-8213-c34c4de25a20",
                "name": "20.04",
                "password": true,
                "ram": 0,
                "ssh_key": true
              },
              {
                "disk": 0,
                "distro_name": "Debian",
                "id": "12d78457-7626-4c1b-a3c0-34e516ad7a15",
                "name": "10",
                "password": true,
                "ram": 0,
                "ssh_key": true
              },
              {
                "disk": 0,
                "distro_name": "Debian",
                "id": "9e2ac636-e49d-4881-a431-28e1a5c5be6c",
                "name": "11",
                "password": true,
                "ram": 0,
                "ssh_key": true
              },
              {
                "disk": 0,
                "distro_name": "Debian",
                "id": "d30e13cb-87da-4610-b010-9004838d3d25",
                "name": "12",
                "password": true,
                "ram": 0,
                "ssh_key": true
              },
              {
                "disk": 0,
                "distro_name": "fedora",
                "id": "4d17bef5-f75e-4ee6-ae94-f77e59884ba3",
                "name": "37",
                "password": true,
                "ram": 0,
                "ssh_key": true
              },
              {
                "disk": 0,
                "distro_name": "fedora",
                "id": "d37f162d-97d8-47ff-ab4d-277812455d03",
                "name": "38",
                "password": true,
                "ram": 0,
                "ssh_key": true
              },
              {
                "disk": 0,
                "distro_name": "mikrotik",
                "id": "4b76d00e-e439-4775-b05c-f5956ea2a6b5",
                "name": "7.8",
                "password": true,
                "ram": 0,
                "ssh_key": false
              },
              {
                "disk": 0,
                "distro_name": "Rocky",
                "id": "c3f0adca-f0b9-4232-909c-4a429d5bfa2e",
                "name": "8.5",
                "password": true,
                "ram": 0,
                "ssh_key": true
              },
              {
                "disk": 0,
                "distro_name": "Rocky",
                "id": "69ee2c50-5fc6-41f7-83d7-d7ceb11d56e8",
                "name": "9",
                "password": true,
                "ram": 0,
                "ssh_key": true
              }
            ],
            "image_type": "distributions",
            "region": "ir-thr-si1"
          },
          "sensitive_attributes": []
        }
      ]
    },
    {
      "mode": "data",
      "type": "arvan_networks",
      "name": "terraform_network",
      "provider": "provider[\"terraform.arvancloud.ir/arvancloud/iaas\"]",
      "instances": [
        {
          "schema_version": 0,
          "attributes": {
            "filters": null,
            "networks": [
              {
                "cidr": "10.0.0.0/24",
                "description": "",
                "dhcp_range": {
                  "end": "10.0.0.254",
                  "start": "10.0.0.2"
                },
                "dns_servers": [
                  "8.8.8.8"
                ],
                "enable_dhcp": true,
                "enable_gateway": true,
                "gateway_ip": "10.0.0.1",
                "mtu": 1442,
                "name": "Pooria MON",
                "network_id": "b9ccd585-1d28-4821-b74a-b27c262e8541",
                "servers": null,
                "shared": false,
                "subnet_id": "c56d16d4-72c8-4d53-87ee-e0b73ac177ab"
              },
              {
                "cidr": "172.20.0.0/24",
                "description": "",
                "dhcp_range": {
                  "end": "172.20.0.250",
                  "start": "172.20.0.100"
                },
                "dns_servers": [
                  "1.1.1.1",
                  "8.8.8.8"
                ],
                "enable_dhcp": true,
                "enable_gateway": true,
                "gateway_ip": "172.20.0.1",
                "mtu": 1500,
                "name": "tf_private_network-1",
                "network_id": "8ff09659-e913-412f-ab97-ecb0f03ff554",
                "servers": null,
                "shared": false,
                "subnet_id": "b8d96eb8-676e-405d-94bf-10e9ab92961c"
              },
              {
                "cidr": "185.206.92.0/22",
                "description": "",
                "dhcp_range": {
                  "end": "185.206.95.250",
                  "start": "185.206.92.10"
                },
                "dns_servers": [
                  "1.1.1.1",
                  "8.8.8.8"
                ],
                "enable_dhcp": true,
                "enable_gateway": true,
                "gateway_ip": "185.206.92.1",
                "mtu": 1500,
                "name": "public205",
                "network_id": "355d682c-07d7-4788-86b0-0140ba744e98",
                "servers": [
                  {
                    "id": "163ca223-c716-4f0f-ac01-e53d401c86ab",
                    "ip": "185.206.92.205",
                    "name": "Monitoring-DONT'T-DELETE",
                    "port_id": "62c11225-6b81-4e8f-ac6f-0ae5cf44220e"
                  }
                ],
                "shared": true,
                "subnet_id": "e7145b2a-1fdd-43e4-8b96-99ca200e69ec"
              },
              {
                "cidr": "185.220.224.0/24",
                "description": "",
                "dhcp_range": {
                  "end": "185.220.224.250",
                  "start": "185.220.224.10"
                },
                "dns_servers": [
                  "1.1.1.1",
                  "8.8.8.8"
                ],
                "enable_dhcp": true,
                "enable_gateway": true,
                "gateway_ip": "185.220.224.1",
                "mtu": 1500,
                "name": "public206",
                "network_id": "1b52c16d-e094-4535-b760-95b0607ed8d0",
                "servers": [
                  {
                    "id": "163ca223-c716-4f0f-ac01-e53d401c86ab",
                    "ip": "185.220.224.96",
                    "name": "Monitoring-DONT'T-DELETE",
                    "port_id": "6fe44daf-8753-4bdf-bde0-e6f5f72f55a7"
                  }
                ],
                "shared": true,
                "subnet_id": "3d58f224-0764-433e-bb7c-73221a917993"
              },
              {
                "cidr": "185.239.105.0/24",
                "description": "",
                "dhcp_range": {
                  "end": "185.239.105.250",
                  "start": "185.239.105.10"
                },
                "dns_servers": [
                  "1.1.1.1",
                  "8.8.8.8"
                ],
                "enable_dhcp": true,
                "enable_gateway": true,
                "gateway_ip": "185.239.105.1",
                "mtu": 1500,
                "name": "public207",
                "network_id": "56f24bac-7999-4b56-9a5f-663252afbd19",
                "servers": [
                  {
                    "id": "163ca223-c716-4f0f-ac01-e53d401c86ab",
                    "ip": "185.239.105.79",
                    "name": "Monitoring-DONT'T-DELETE",
                    "port_id": "9544757b-3e97-4a7a-8baf-d75ffe65a3de"
                  }
                ],
                "shared": true,
                "subnet_id": "5e025698-6413-492f-ab2e-4895748c2d5f"
              },
              {
                "cidr": "185.239.106.0/23",
                "description": "",
                "dhcp_range": {
                  "end": "185.239.107.250",
                  "start": "185.239.106.10"
                },
                "dns_servers": [
                  "1.1.1.1",
                  "8.8.8.8"
                ],
                "enable_dhcp": true,
                "enable_gateway": true,
                "gateway_ip": "185.239.106.1",
                "mtu": 1500,
                "name": "public208",
                "network_id": "ec563974-3f3f-465c-ac7e-f13230d3f3d5",
                "servers": [
                  {
                    "id": "163ca223-c716-4f0f-ac01-e53d401c86ab",
                    "ip": "185.239.106.44",
                    "name": "Monitoring-DONT'T-DELETE",
                    "port_id": "329adf5a-ef5b-4785-9277-6d4b9ddb8c54"
                  }
                ],
                "shared": true,
                "subnet_id": "10bcf6b4-a70c-45a3-bf1d-60e7ccbad008"
              },
              {
                "cidr": "185.97.116.0/22",
                "description": "",
                "dhcp_range": {
                  "end": "185.97.119.250",
                  "start": "185.97.116.10"
                },
                "dns_servers": [
                  "1.1.1.1",
                  "8.8.8.8"
                ],
                "enable_dhcp": true,
                "enable_gateway": true,
                "gateway_ip": "185.97.116.1",
                "mtu": 1500,
                "name": "public204",
                "network_id": "5fd12d22-b0dd-46d7-98b4-e56160db6664",
                "servers": [
                  {
                    "id": "163ca223-c716-4f0f-ac01-e53d401c86ab",
                    "ip": "185.97.117.138",
                    "name": "Monitoring-DONT'T-DELETE",
                    "port_id": "ecab6139-48ed-4d71-a047-67e966a8a2e6"
                  }
                ],
                "shared": true,
                "subnet_id": "9e1923ef-dcd3-49dc-9eb4-2f736c9c713f"
              },
              {
                "cidr": "192.168.0.0/22",
                "description": "",
                "dhcp_range": {
                  "end": "192.168.3.254",
                  "start": "192.168.0.1"
                },
                "dns_servers": null,
                "enable_dhcp": true,
                "enable_gateway": false,
                "gateway_ip": null,
                "mtu": 1500,
                "name": "openstack-senario",
                "network_id": "d175b735-4fae-498c-86f0-3feec029958b",
                "servers": null,
                "shared": false,
                "subnet_id": "949cfe56-ea54-4f3a-b3f4-e6cd9cf5be9d"
              },
              {
                "cidr": "192.168.1.0/24",
                "description": "",
                "dhcp_range": {
                  "end": "192.168.1.254",
                  "start": "192.168.1.2"
                },
                "dns_servers": [
                  "1.1.1.1"
                ],
                "enable_dhcp": true,
                "enable_gateway": true,
                "gateway_ip": "192.168.1.1",
                "mtu": 1442,
                "name": "mojtaba-privacy",
                "network_id": "ce6dd544-2790-4f92-a7d1-022f5c53a565",
                "servers": null,
                "shared": false,
                "subnet_id": "01ead10c-ba6d-44de-bc03-c6803b82284b"
              },
              {
                "cidr": "192.168.1.0/24",
                "description": "",
                "dhcp_range": {
                  "end": "192.168.1.254",
                  "start": "192.168.1.2"
                },
                "dns_servers": null,
                "enable_dhcp": false,
                "enable_gateway": true,
                "gateway_ip": "192.168.1.1",
                "mtu": 1500,
                "name": "Hello",
                "network_id": "d649edb4-6f9e-4b1d-9a70-4a28ff1775fd",
                "servers": null,
                "shared": false,
                "subnet_id": "28a85aa8-8cfd-4eba-9b41-2185c4cf9cd5"
              },
              {
                "cidr": "192.168.1.0/24",
                "description": "",
                "dhcp_range": {
                  "end": "192.168.1.254",
                  "start": "192.168.1.2"
                },
                "dns_servers": null,
                "enable_dhcp": false,
                "enable_gateway": true,
                "gateway_ip": "192.168.1.1",
                "mtu": 1500,
                "name": "test",
                "network_id": "c146e1ba-5ebd-4735-9c84-aa98a549522e",
                "servers": null,
                "shared": false,
                "subnet_id": "2493933c-8d73-4b7e-aa3a-4b3c7ecd4b85"
              },
              {
                "cidr": "192.168.1.0/24",
                "description": "",
                "dhcp_range": {
                  "end": "192.168.1.254",
                  "start": "192.168.1.2"
                },
                "dns_servers": null,
                "enable_dhcp": true,
                "enable_gateway": true,
                "gateway_ip": "192.168.1.1",
                "mtu": 1500,
                "name": "mhmdrza-nmap",
                "network_id": "790b69ed-e30f-42d5-bdc0-24be1d72173e",
                "servers": null,
                "shared": false,
                "subnet_id": "797c3140-1435-4247-a285-68512f4ae674"
              },
              {
                "cidr": "192.168.10.0/24",
                "description": "",
                "dhcp_range": {
                  "end": "192.168.10.200",
                  "start": "192.168.10.25"
                },
                "dns_servers": [
                  "4.2.2.4",
                  "8.8.8.8"
                ],
                "enable_dhcp": true,
                "enable_gateway": true,
                "gateway_ip": "192.168.10.1",
                "mtu": 1500,
                "name": "Farmaspy demo dxd",
                "network_id": "9a1569e5-faec-4fc0-aadd-e9e0566eac3b",
                "servers": null,
                "shared": false,
                "subnet_id": "c9520794-bb51-4187-9157-cd859468456a"
              },
              {
                "cidr": "193.176.240.0/23",
                "description": "",
                "dhcp_range": {
                  "end": "193.176.241.250",
                  "start": "193.176.240.10"
                },
                "dns_servers": [
                  "1.1.1.1",
                  "8.8.8.8"
                ],
                "enable_dhcp": true,
                "enable_gateway": true,
                "gateway_ip": "193.176.240.1",
                "mtu": 1500,
                "name": "public209",
                "network_id": "6ae23c6f-30db-4e00-a1e9-037b303a18b1",
                "servers": [
                  {
                    "id": "163ca223-c716-4f0f-ac01-e53d401c86ab",
                    "ip": "193.176.241.97",
                    "name": "Monitoring-DONT'T-DELETE",
                    "port_id": "29b63314-70d0-4f53-a99a-d82ca97c0285"
                  }
                ],
                "shared": true,
                "subnet_id": "b3ec0f5c-ca49-4f99-afdc-31483e4400c1"
              },
              {
                "cidr": "2a07:3904:0:2::/64",
                "description": "",
                "dhcp_range": {
                  "end": "2a07:3904:0:2:ffff:ffff:ffff:fffa",
                  "start": "2a07:3904:0:2::a"
                },
                "dns_servers": [
                  "2001:4860:4860::8888",
                  "2606:4700::1111"
                ],
                "enable_dhcp": false,
                "enable_gateway": true,
                "gateway_ip": "2a07:3904:0:2::1",
                "mtu": 1500,
                "name": "public291",
                "network_id": "2e1c68c1-58ac-4e96-99bd-10b3cba6f084",
                "servers": [
                  {
                    "id": "022dcc92-711a-4eed-abc4-a141d1563c8f",
                    "ip": "2a07:3904:0:2::56d",
                    "name": "debian-g1-medium5-Simin-1",
                    "port_id": "347d20fe-14b1-45ff-bb10-a9da53a3e5df"
                  },
                  {
                    "id": "52d8b5a1-f21a-43bc-801b-74ade125fe6a",
                    "ip": "2a07:3904:0:2::2c1",
                    "name": "iperf3-DONT'T-DELETE",
                    "port_id": "2ae1dbff-2c0e-4038-9354-2c1b39f6390f"
                  }
                ],
                "shared": true,
                "subnet_id": "bd6d4f0d-1731-46e1-89d5-98e1ebed9f66"
              },
              {
                "cidr": "37.152.176.0/21",
                "description": "",
                "dhcp_range": {
                  "end": "37.152.183.250",
                  "start": "37.152.176.10"
                },
                "dns_servers": [
                  "1.1.1.1",
                  "8.8.8.8"
                ],
                "enable_dhcp": true,
                "enable_gateway": true,
                "gateway_ip": "37.152.176.1",
                "mtu": 1500,
                "name": "شبکه پیش فرض",
                "network_id": "bab96191-dad5-46bb-96fd-3e29086aa504",
                "servers": [
                  {
                    "id": "163ca223-c716-4f0f-ac01-e53d401c86ab",
                    "ip": "37.152.179.103",
                    "name": "Monitoring-DONT'T-DELETE",
                    "port_id": "905c1fff-aa0d-48b0-9b76-41169b5f41a0"
                  }
                ],
                "shared": true,
                "subnet_id": "119d1a29-312d-4072-868b-f034e9bfe402"
              },
              {
                "cidr": "37.32.20.0/22",
                "description": "",
                "dhcp_range": {
                  "end": "37.32.23.250",
                  "start": "37.32.20.10"
                },
                "dns_servers": [
                  "1.1.1.1",
                  "8.8.8.8"
                ],
                "enable_dhcp": true,
                "enable_gateway": true,
                "gateway_ip": "37.32.20.1",
                "mtu": 1500,
                "name": "public211",
                "network_id": "8bcaf216-055b-4bc8-92f1-d18b8285bea5",
                "servers": [
                  {
                    "id": "022dcc92-711a-4eed-abc4-a141d1563c8f",
                    "ip": "37.32.20.87",
                    "name": "debian-g1-medium5-Simin-1",
                    "port_id": "74429483-42de-4db7-be23-cf9b784f092b"
                  },
                  {
                    "id": "163ca223-c716-4f0f-ac01-e53d401c86ab",
                    "ip": "37.32.21.239",
                    "name": "Monitoring-DONT'T-DELETE",
                    "port_id": "c5828b7f-f0b7-4dbb-aeb3-4d67d694fbbb"
                  }
                ],
                "shared": true,
                "subnet_id": "b8f1e091-9eae-4f55-b77d-3511469c96fb"
              },
              {
                "cidr": "45.82.136.0/23",
                "description": "",
                "dhcp_range": {
                  "end": "45.82.137.250",
                  "start": "45.82.136.10"
                },
                "dns_servers": [
                  "1.1.1.1",
                  "8.8.8.8"
                ],
                "enable_dhcp": true,
                "enable_gateway": true,
                "gateway_ip": "45.82.136.1",
                "mtu": 1500,
                "name": "public203",
                "network_id": "9b34a9db-4cee-4a26-aef3-77411e1b4573",
                "servers": [
                  {
                    "id": "163ca223-c716-4f0f-ac01-e53d401c86ab",
                    "ip": "45.82.136.140",
                    "name": "Monitoring-DONT'T-DELETE",
                    "port_id": "d60be226-fb0b-4239-b0f9-de4009fb8bc9"
                  },
                  {
                    "id": "52d8b5a1-f21a-43bc-801b-74ade125fe6a",
                    "ip": "45.82.137.197",
                    "name": "iperf3-DONT'T-DELETE",
                    "port_id": "9608b780-6344-4773-bb4c-f25438e1b02d"
                  }
                ],
                "shared": true,
                "subnet_id": "58fb8d29-5843-4a9d-8f08-819c6c709dbd"
              },
              {
                "cidr": "5.253.24.0/23",
                "description": "",
                "dhcp_range": {
                  "end": "5.253.25.250",
                  "start": "5.253.24.10"
                },
                "dns_servers": [
                  "1.1.1.1",
                  "8.8.8.8"
                ],
                "enable_dhcp": true,
                "enable_gateway": true,
                "gateway_ip": "5.253.24.1",
                "mtu": 1500,
                "name": "public202",
                "network_id": "51ed590d-2717-4d40-ac78-9f22a630b17d",
                "servers": [
                  {
                    "id": "163ca223-c716-4f0f-ac01-e53d401c86ab",
                    "ip": "5.253.24.69",
                    "name": "Monitoring-DONT'T-DELETE",
                    "port_id": "2373798a-4368-4f53-b13b-eef9756bd7a8"
                  }
                ],
                "shared": true,
                "subnet_id": "394a5be3-15b5-4344-916c-26396da8d81e"
              },
              {
                "cidr": "94.101.176.0/22",
                "description": "",
                "dhcp_range": {
                  "end": "94.101.179.250",
                  "start": "94.101.176.10"
                },
                "dns_servers": [
                  "1.1.1.1",
                  "8.8.8.8"
                ],
                "enable_dhcp": true,
                "enable_gateway": true,
                "gateway_ip": "94.101.176.1",
                "mtu": 1500,
                "name": "public210",
                "network_id": "ffc45924-fb78-475d-b315-f518c2153bf7",
                "servers": [
                  {
                    "id": "163ca223-c716-4f0f-ac01-e53d401c86ab",
                    "ip": "94.101.178.105",
                    "name": "Monitoring-DONT'T-DELETE",
                    "port_id": "867c24bb-96f3-4779-a028-5558bc910361"
                  }
                ],
                "shared": true,
                "subnet_id": "0b39f8e5-a12d-4a2e-8c95-1c369734056e"
              },
              {
                "cidr": "94.101.180.0/23",
                "description": "",
                "dhcp_range": {
                  "end": "94.101.181.250",
                  "start": "94.101.180.10"
                },
                "dns_servers": [
                  "1.1.1.1",
                  "8.8.8.8"
                ],
                "enable_dhcp": true,
                "enable_gateway": true,
                "gateway_ip": "94.101.180.1",
                "mtu": 1500,
                "name": "public218",
                "network_id": "05f405f7-966c-47c7-95e9-4bc1549614e7",
                "servers": [
                  {
                    "id": "163ca223-c716-4f0f-ac01-e53d401c86ab",
                    "ip": "94.101.180.25",
                    "name": "Monitoring-DONT'T-DELETE",
                    "port_id": "d4346661-cf92-4b00-a069-31e3396aa665"
                  }
                ],
                "shared": true,
                "subnet_id": "f656e81f-6786-4925-bfad-48723faa5c14"
              }
            ],
            "region": "ir-thr-si1"
          },
          "sensitive_attributes": []
        }
      ]
    },
    {
      "mode": "data",
      "type": "arvan_plans",
      "name": "plan_list",
      "provider": "provider[\"terraform.arvancloud.ir/arvancloud/iaas\"]",
      "instances": [
        {
          "schema_version": 0,
          "attributes": {
            "plans": [
              {
                "bandwidth_in_bytes": 0,
                "base_package": "",
                "cpu_count": 1,
                "cpu_share": "1/4",
                "disk": 25,
                "disk_in_bytes": 26843545600,
                "generation": "ECO",
                "id": "eco-1-1-0",
                "iops_max_hdd": 1500,
                "iops_max_ssd": 16000,
                "memory": 1,
                "memory_in_bytes": 1073741824,
                "name": "eco-small1",
                "off": "",
                "off_percent": "",
                "outbound": 0,
                "pps": null,
                "price_per_hour": 4410,
                "price_per_month": 3175000,
                "subtype": "small",
                "throughput": 0,
                "type": "economic"
              },
              {
                "bandwidth_in_bytes": 0,
                "base_package": "",
                "cpu_count": 4,
                "cpu_share": "1/3",
                "disk": 128,
                "disk_in_bytes": 137438953472,
                "generation": "LS2",
                "id": "ls2-12-4-128",
                "iops_max_hdd": 1500,
                "iops_max_ssd": 20000,
                "memory": 12,
                "memory_in_bytes": 12884901888,
                "name": "ls2-medium1",
                "off": "",
                "off_percent": "",
                "outbound": 0,
                "pps": null,
                "price_per_hour": 35403,
                "price_per_month": 25490000,
                "subtype": "medium",
                "throughput": 0,
                "type": "storage"
              },
              {
                "bandwidth_in_bytes": 0,
                "base_package": "",
                "cpu_count": 1,
                "cpu_share": "1/4",
                "disk": 25,
                "disk_in_bytes": 26843545600,
                "generation": "ECO",
                "id": "eco-2-1-0",
                "iops_max_hdd": 1500,
                "iops_max_ssd": 16000,
                "memory": 2,
                "memory_in_bytes": 2147483648,
                "name": "eco-small2",
                "off": "",
                "off_percent": "",
                "outbound": 0,
                "pps": null,
                "price_per_hour": 5035,
                "price_per_month": 3625000,
                "subtype": "small",
                "throughput": 0,
                "type": "economic"
              },
              {
                "bandwidth_in_bytes": 0,
                "base_package": "",
                "cpu_count": 2,
                "cpu_share": "1/3",
                "disk": 25,
                "disk_in_bytes": 26843545600,
                "generation": "C2",
                "id": "g2-4-2-0",
                "iops_max_hdd": 1500,
                "iops_max_ssd": 16000,
                "memory": 4,
                "memory_in_bytes": 4294967296,
                "name": "c2-medium1",
                "off": "",
                "off_percent": "",
                "outbound": 0,
                "pps": null,
                "price_per_hour": 11042,
                "price_per_month": 7950000,
                "subtype": "medium",
                "throughput": 0,
                "type": "cpu"
              },
              {
                "bandwidth_in_bytes": 0,
                "base_package": "",
                "cpu_count": 2,
                "cpu_share": "1/4",
                "disk": 50,
                "disk_in_bytes": 53687091200,
                "generation": "M2",
                "id": "g2-8-2-0",
                "iops_max_hdd": 1500,
                "iops_max_ssd": 16000,
                "memory": 8,
                "memory_in_bytes": 8589934592,
                "name": "m2-small1",
                "off": "",
                "off_percent": "",
                "outbound": 0,
                "pps": null,
                "price_per_hour": 17569,
                "price_per_month": 12650000,
                "subtype": "small",
                "throughput": 0,
                "type": "memory"
              },
              {
                "bandwidth_in_bytes": 0,
                "base_package": "",
                "cpu_count": 1,
                "cpu_share": "1/4",
                "disk": 30,
                "disk_in_bytes": 32212254720,
                "generation": "ECO",
                "id": "eco-3-1-0",
                "iops_max_hdd": 1500,
                "iops_max_ssd": 16000,
                "memory": 3,
                "memory_in_bytes": 3221225472,
                "name": "eco-small3",
                "off": "",
                "off_percent": "",
                "outbound": 0,
                "pps": null,
                "price_per_hour": 5972,
                "price_per_month": 4300000,
                "subtype": "small",
                "throughput": 0,
                "type": "economic"
              },
              {
                "bandwidth_in_bytes": 0,
                "base_package": "",
                "cpu_count": 4,
                "cpu_share": "1/3",
                "disk": 256,
                "disk_in_bytes": 274877906944,
                "generation": "LS2",
                "id": "ls2-12-4-256",
                "iops_max_hdd": 1500,
                "iops_max_ssd": 20000,
                "memory": 12,
                "memory_in_bytes": 12884901888,
                "name": "ls2-medium2",
                "off": "",
                "off_percent": "",
                "outbound": 0,
                "pps": null,
                "price_per_hour": 49625,
                "price_per_month": 35730000,
                "subtype": "medium",
                "throughput": 0,
                "type": "storage"
              },
              {
                "bandwidth_in_bytes": 0,
                "base_package": "",
                "cpu_count": 6,
                "cpu_share": "1/3",
                "disk": 128,
                "disk_in_bytes": 137438953472,
                "generation": "LS2",
                "id": "ls2-16-6-128",
                "iops_max_hdd": 1500,
                "iops_max_ssd": 20000,
                "memory": 16,
                "memory_in_bytes": 17179869184,
                "name": "ls2-medium3",
                "off": "",
                "off_percent": "",
                "outbound": 0,
                "pps": null,
                "price_per_hour": 43181,
                "price_per_month": 31090000,
                "subtype": "medium",
                "throughput": 0,
                "type": "storage"
              },
              {
                "bandwidth_in_bytes": 0,
                "base_package": "",
                "cpu_count": 2,
                "cpu_share": "1/4",
                "disk": 75,
                "disk_in_bytes": 80530636800,
                "generation": "M2",
                "id": "g2-16-2-0",
                "iops_max_hdd": 1500,
                "iops_max_ssd": 16000,
                "memory": 16,
                "memory_in_bytes": 17179869184,
                "name": "m2-small2",
                "off": "",
                "off_percent": "",
                "outbound": 0,
                "pps": null,
                "price_per_hour": 28542,
                "price_per_month": 20550000,
                "subtype": "small",
                "throughput": 0,
                "type": "memory"
              },
              {
                "bandwidth_in_bytes": 0,
                "base_package": "",
                "cpu_count": 2,
                "cpu_share": "1/4",
                "disk": 30,
                "disk_in_bytes": 32212254720,
                "generation": "ECO",
                "id": "eco-2-2-0",
                "iops_max_hdd": 1500,
                "iops_max_ssd": 16000,
                "memory": 2,
                "memory_in_bytes": 2147483648,
                "name": "eco-small4",
                "off": "",
                "off_percent": "",
                "outbound": 0,
                "pps": null,
                "price_per_hour": 6389,
                "price_per_month": 4600000,
                "subtype": "small",
                "throughput": 0,
                "type": "economic"
              },
              {
                "bandwidth_in_bytes": 0,
                "base_package": "",
                "cpu_count": 4,
                "cpu_share": "1/3",
                "disk": 75,
                "disk_in_bytes": 80530636800,
                "generation": "C2",
                "id": "g2-8-4-0",
                "iops_max_hdd": 1500,
                "iops_max_ssd": 16000,
                "memory": 8,
                "memory_in_bytes": 8589934592,
                "name": "c2-medium2",
                "off": "",
                "off_percent": "",
                "outbound": 0,
                "pps": null,
                "price_per_hour": 22986,
                "price_per_month": 16550000,
                "subtype": "medium",
                "throughput": 0,
                "type": "cpu"
              },
              {
                "bandwidth_in_bytes": 0,
                "base_package": "",
                "cpu_count": 6,
                "cpu_share": "1/3",
                "disk": 256,
                "disk_in_bytes": 274877906944,
                "generation": "LS2",
                "id": "ls2-16-6-256",
                "iops_max_hdd": 1500,
                "iops_max_ssd": 20000,
                "memory": 16,
                "memory_in_bytes": 17179869184,
                "name": "ls2-medium4",
                "off": "",
                "off_percent": "",
                "outbound": 0,
                "pps": null,
                "price_per_hour": 57403,
                "price_per_month": 41330000,
                "subtype": "medium",
                "throughput": 0,
                "type": "storage"
              },
              {
                "bandwidth_in_bytes": 0,
                "base_package": "",
                "cpu_count": 6,
                "cpu_share": "1/2",
                "disk": 128,
                "disk_in_bytes": 137438953472,
                "generation": "LS2",
                "id": "ls2-24-6-128",
                "iops_max_hdd": 1500,
                "iops_max_ssd": 20000,
                "memory": 24,
                "memory_in_bytes": 25769803776,
                "name": "ls2-large1",
                "off": "",
                "off_percent": "",
                "outbound": 0,
                "pps": null,
                "price_per_hour": 52069,
                "price_per_month": 37490000,
                "subtype": "large",
                "throughput": 0,
                "type": "storage"
              },
              {
                "bandwidth_in_bytes": 0,
                "base_package": "",
                "cpu_count": 6,
                "cpu_share": "1/2",
                "disk": 256,
                "disk_in_bytes": 274877906944,
                "generation": "LS2",
                "id": "ls2-24-6-256",
                "iops_max_hdd": 1500,
                "iops_max_ssd": 20000,
                "memory": 24,
                "memory_in_bytes": 25769803776,
                "name": "ls2-large2",
                "off": "",
                "off_percent": "",
                "outbound": 0,
                "pps": null,
                "price_per_hour": 66292,
                "price_per_month": 47730000,
                "subtype": "large",
                "throughput": 0,
                "type": "storage"
              },
              {
                "bandwidth_in_bytes": 0,
                "base_package": "",
                "cpu_count": 4,
                "cpu_share": "1/3",
                "disk": 75,
                "disk_in_bytes": 80530636800,
                "generation": "G2",
                "id": "g2-12-4-0",
                "iops_max_hdd": 1500,
                "iops_max_ssd": 16000,
                "memory": 12,
                "memory_in_bytes": 12884901888,
                "name": "g2-medium2",
                "off": "",
                "off_percent": "",
                "outbound": 0,
                "pps": null,
                "price_per_hour": 27431,
                "price_per_month": 19750000,
                "subtype": "medium",
                "throughput": 0,
                "type": "general"
              },
              {
                "bandwidth_in_bytes": 0,
                "base_package": "",
                "cpu_count": 4,
                "cpu_share": "1/3",
                "disk": 75,
                "disk_in_bytes": 80530636800,
                "generation": "G1",
                "id": "g1-12-4-0",
                "iops_max_hdd": 1500,
                "iops_max_ssd": 16000,
                "memory": 12,
                "memory_in_bytes": 12884901888,
                "name": "g1-medium2",
                "off": "",
                "off_percent": "",
                "outbound": 0,
                "pps": null,
                "price_per_hour": 23486,
                "price_per_month": 16910000,
                "subtype": "medium",
                "throughput": 0,
                "type": "general"
              },
              {
                "bandwidth_in_bytes": 0,
                "base_package": "",
                "cpu_count": 4,
                "cpu_share": "1/3",
                "disk": 75,
                "disk_in_bytes": 80530636800,
                "generation": "M2",
                "id": "g2-32-4-0",
                "iops_max_hdd": 1500,
                "iops_max_ssd": 16000,
                "memory": 32,
                "memory_in_bytes": 34359738368,
                "name": "m2-medium1",
                "off": "",
                "off_percent": "",
                "outbound": 0,
                "pps": null,
                "price_per_hour": 49653,
                "price_per_month": 35750000,
                "subtype": "medium",
                "throughput": 0,
                "type": "memory"
              },
              {
                "bandwidth_in_bytes": 0,
                "base_package": "",
                "cpu_count": 8,
                "cpu_share": "1/2",
                "disk": 128,
                "disk_in_bytes": 137438953472,
                "generation": "LS2",
                "id": "ls2-32-8-128",
                "iops_max_hdd": 1500,
                "iops_max_ssd": 20000,
                "memory": 32,
                "memory_in_bytes": 34359738368,
                "name": "ls2-large3",
                "off": "",
                "off_percent": "",
                "outbound": 0,
                "pps": null,
                "price_per_hour": 64292,
                "price_per_month": 46290000,
                "subtype": "large",
                "throughput": 0,
                "type": "storage"
              },
              {
                "bandwidth_in_bytes": 0,
                "base_package": "",
                "cpu_count": 8,
                "cpu_share": "1/2",
                "disk": 256,
                "disk_in_bytes": 274877906944,
                "generation": "LS2",
                "id": "ls2-32-8-256",
                "iops_max_hdd": 1500,
                "iops_max_ssd": 20000,
                "memory": 32,
                "memory_in_bytes": 34359738368,
                "name": "ls2-large4",
                "off": "",
                "off_percent": "",
                "outbound": 0,
                "pps": null,
                "price_per_hour": 78514,
                "price_per_month": 56530000,
                "subtype": "large",
                "throughput": 0,
                "type": "storage"
              },
              {
                "bandwidth_in_bytes": 0,
                "base_package": "",
                "cpu_count": 6,
                "cpu_share": "1/3",
                "disk": 75,
                "disk_in_bytes": 80530636800,
                "generation": "G2",
                "id": "g2-16-6-0",
                "iops_max_hdd": 1500,
                "iops_max_ssd": 16000,
                "memory": 16,
                "memory_in_bytes": 17179869184,
                "name": "g2-medium4",
                "off": "",
                "off_percent": "",
                "outbound": 0,
                "pps": null,
                "price_per_hour": 35208,
                "price_per_month": 25350000,
                "subtype": "medium",
                "throughput": 0,
                "type": "general"
              },
              {
                "bandwidth_in_bytes": 0,
                "base_package": "",
                "cpu_count": 6,
                "cpu_share": "1/3",
                "disk": 75,
                "disk_in_bytes": 80530636800,
                "generation": "G2",
                "id": "g2-24-6-0",
                "iops_max_hdd": 1500,
                "iops_max_ssd": 16000,
                "memory": 24,
                "memory_in_bytes": 25769803776,
                "name": "g2-medium5",
                "off": "",
                "off_percent": "",
                "outbound": 0,
                "pps": null,
                "price_per_hour": 44097,
                "price_per_month": 31750000,
                "subtype": "medium",
                "throughput": 0,
                "type": "general"
              },
              {
                "bandwidth_in_bytes": 0,
                "base_package": "",
                "cpu_count": 8,
                "cpu_share": "1/2",
                "disk": 512,
                "disk_in_bytes": 549755813888,
                "generation": "LS2",
                "id": "ls2-32-8-512",
                "iops_max_hdd": 1500,
                "iops_max_ssd": 20000,
                "memory": 32,
                "memory_in_bytes": 34359738368,
                "name": "ls2-large5",
                "off": "",
                "off_percent": "",
                "outbound": 0,
                "pps": null,
                "price_per_hour": 106958,
                "price_per_month": 77010000,
                "subtype": "large",
                "throughput": 0,
                "type": "storage"
              },
              {
                "bandwidth_in_bytes": 0,
                "base_package": "",
                "cpu_count": 6,
                "cpu_share": "1/3",
                "disk": 75,
                "disk_in_bytes": 80530636800,
                "generation": "G1",
                "id": "g1-24-6-0",
                "iops_max_hdd": 1500,
                "iops_max_ssd": 16000,
                "memory": 24,
                "memory_in_bytes": 25769803776,
                "name": "g1-medium5",
                "off": "",
                "off_percent": "",
                "outbound": 0,
                "pps": null,
                "price_per_hour": 36764,
                "price_per_month": 26470000,
                "subtype": "medium",
                "throughput": 0,
                "type": "general"
              },
              {
                "bandwidth_in_bytes": 0,
                "base_package": "",
                "cpu_count": 12,
                "cpu_share": "1/2",
                "disk": 128,
                "disk_in_bytes": 137438953472,
                "generation": "LS2",
                "id": "ls2-48-12-128",
                "iops_max_hdd": 1500,
                "iops_max_ssd": 20000,
                "memory": 48,
                "memory_in_bytes": 51539607552,
                "name": "ls2-large6",
                "off": "",
                "off_percent": "",
                "outbound": 0,
                "pps": null,
                "price_per_hour": 88736,
                "price_per_month": 63890000,
                "subtype": "large",
                "throughput": 0,
                "type": "storage"
              },
              {
                "bandwidth_in_bytes": 0,
                "base_package": "",
                "cpu_count": 8,
                "cpu_share": "1/2",
                "disk": 75,
                "disk_in_bytes": 80530636800,
                "generation": "C2",
                "id": "g2-16-8-0",
                "iops_max_hdd": 1500,
                "iops_max_ssd": 16000,
                "memory": 16,
                "memory_in_bytes": 17179869184,
                "name": "c2-large1",
                "off": "",
                "off_percent": "",
                "outbound": 0,
                "pps": null,
                "price_per_hour": 38542,
                "price_per_month": 27750000,
                "subtype": "large",
                "throughput": 0,
                "type": "cpu"
              },
              {
                "bandwidth_in_bytes": 0,
                "base_package": "",
                "cpu_count": 8,
                "cpu_share": "1/2",
                "disk": 150,
                "disk_in_bytes": 161061273600,
                "generation": "G1",
                "id": "g1-32-8-0",
                "iops_max_hdd": 1500,
                "iops_max_ssd": 16000,
                "memory": 32,
                "memory_in_bytes": 34359738368,
                "name": "g1-large1",
                "off": "",
                "off_percent": "",
                "outbound": 0,
                "pps": null,
                "price_per_hour": 52792,
                "price_per_month": 38010000,
                "subtype": "large",
                "throughput": 0,
                "type": "general"
              },
              {
                "bandwidth_in_bytes": 0,
                "base_package": "",
                "cpu_count": 12,
                "cpu_share": "1/2",
                "disk": 256,
                "disk_in_bytes": 274877906944,
                "generation": "LS2",
                "id": "ls2-48-12-256",
                "iops_max_hdd": 1500,
                "iops_max_ssd": 20000,
                "memory": 48,
                "memory_in_bytes": 51539607552,
                "name": "ls2-large7",
                "off": "",
                "off_percent": "",
                "outbound": 0,
                "pps": null,
                "price_per_hour": 102958,
                "price_per_month": 74130000,
                "subtype": "large",
                "throughput": 0,
                "type": "storage"
              },
              {
                "bandwidth_in_bytes": 0,
                "base_package": "",
                "cpu_count": 8,
                "cpu_share": "1/2",
                "disk": 150,
                "disk_in_bytes": 161061273600,
                "generation": "G2",
                "id": "g2-32-8-0",
                "iops_max_hdd": 1500,
                "iops_max_ssd": 16000,
                "memory": 32,
                "memory_in_bytes": 34359738368,
                "name": "g2-large1",
                "off": "",
                "off_percent": "",
                "outbound": 0,
                "pps": null,
                "price_per_hour": 62569,
                "price_per_month": 45050000,
                "subtype": "large",
                "throughput": 0,
                "type": "general"
              },
              {
                "bandwidth_in_bytes": 0,
                "base_package": "",
                "cpu_count": 8,
                "cpu_share": "1/2",
                "disk": 75,
                "disk_in_bytes": 80530636800,
                "generation": "M2",
                "id": "g2-64-8-0",
                "iops_max_hdd": 1500,
                "iops_max_ssd": 16000,
                "memory": 64,
                "memory_in_bytes": 68719476736,
                "name": "m2-large1",
                "off": "",
                "off_percent": "",
                "outbound": 0,
                "pps": null,
                "price_per_hour": 91875,
                "price_per_month": 66150000,
                "subtype": "large",
                "throughput": 0,
                "type": "memory"
              },
              {
                "bandwidth_in_bytes": 0,
                "base_package": "",
                "cpu_count": 12,
                "cpu_share": "1/2",
                "disk": 512,
                "disk_in_bytes": 549755813888,
                "generation": "LS2",
                "id": "ls2-48-12-512",
                "iops_max_hdd": 1500,
                "iops_max_ssd": 20000,
                "memory": 48,
                "memory_in_bytes": 51539607552,
                "name": "ls2-large8",
                "off": "",
                "off_percent": "",
                "outbound": 0,
                "pps": null,
                "price_per_hour": 131403,
                "price_per_month": 94610000,
                "subtype": "large",
                "throughput": 0,
                "type": "storage"
              },
              {
                "bandwidth_in_bytes": 0,
                "base_package": "",
                "cpu_count": 12,
                "cpu_share": "1/2",
                "disk": 150,
                "disk_in_bytes": 161061273600,
                "generation": "G2",
                "id": "g2-48-12-0",
                "iops_max_hdd": 1500,
                "iops_max_ssd": 16000,
                "memory": 48,
                "memory_in_bytes": 51539607552,
                "name": "g2-large2",
                "off": "",
                "off_percent": "",
                "outbound": 0,
                "pps": null,
                "price_per_hour": 87014,
                "price_per_month": 62650000,
                "subtype": "large",
                "throughput": 0,
                "type": "general"
              },
              {
                "bandwidth_in_bytes": 0,
                "base_package": "",
                "cpu_count": 12,
                "cpu_share": "1/2",
                "disk": 150,
                "disk_in_bytes": 161061273600,
                "generation": "G1",
                "id": "g1-48-12-0",
                "iops_max_hdd": 1500,
                "iops_max_ssd": 16000,
                "memory": 48,
                "memory_in_bytes": 51539607552,
                "name": "g1-large2",
                "off": "",
                "off_percent": "",
                "outbound": 0,
                "pps": null,
                "price_per_hour": 72347,
                "price_per_month": 52090000,
                "subtype": "large",
                "throughput": 0,
                "type": "general"
              },
              {
                "bandwidth_in_bytes": 0,
                "base_package": "",
                "cpu_count": 16,
                "cpu_share": "1",
                "disk": 200,
                "disk_in_bytes": 214748364800,
                "generation": "G2",
                "id": "g2-64-16-0",
                "iops_max_hdd": 1500,
                "iops_max_ssd": 16000,
                "memory": 64,
                "memory_in_bytes": 68719476736,
                "name": "g2-xlarge1",
                "off": "",
                "off_percent": "",
                "outbound": 0,
                "pps": null,
                "price_per_hour": 115625,
                "price_per_month": 83250000,
                "subtype": "xlarge",
                "throughput": 0,
                "type": "general"
              },
              {
                "bandwidth_in_bytes": 0,
                "base_package": "",
                "cpu_count": 16,
                "cpu_share": "1",
                "disk": 128,
                "disk_in_bytes": 137438953472,
                "generation": "LS2",
                "id": "ls2-64-16-128",
                "iops_max_hdd": 1500,
                "iops_max_ssd": 20000,
                "memory": 64,
                "memory_in_bytes": 68719476736,
                "name": "ls2-xlarge1",
                "off": "",
                "off_percent": "",
                "outbound": 0,
                "pps": null,
                "price_per_hour": 113181,
                "price_per_month": 81490000,
                "subtype": "xlarge",
                "throughput": 0,
                "type": "storage"
              },
              {
                "bandwidth_in_bytes": 0,
                "base_package": "",
                "cpu_count": 16,
                "cpu_share": "1",
                "disk": 200,
                "disk_in_bytes": 214748364800,
                "generation": "G1",
                "id": "g1-64-16-0",
                "iops_max_hdd": 1500,
                "iops_max_ssd": 16000,
                "memory": 64,
                "memory_in_bytes": 68719476736,
                "name": "g1-xlarge1",
                "off": "",
                "off_percent": "",
                "outbound": 0,
                "pps": null,
                "price_per_hour": 96069,
                "price_per_month": 69170000,
                "subtype": "xlarge",
                "throughput": 0,
                "type": "general"
              },
              {
                "bandwidth_in_bytes": 0,
                "base_package": "",
                "cpu_count": 16,
                "cpu_share": "1",
                "disk": 256,
                "disk_in_bytes": 274877906944,
                "generation": "LS2",
                "id": "ls2-64-16-256",
                "iops_max_hdd": 1500,
                "iops_max_ssd": 20000,
                "memory": 64,
                "memory_in_bytes": 68719476736,
                "name": "ls2-xlarge2",
                "off": "",
                "off_percent": "",
                "outbound": 0,
                "pps": null,
                "price_per_hour": 127403,
                "price_per_month": 91730000,
                "subtype": "xlarge",
                "throughput": 0,
                "type": "storage"
              },
              {
                "bandwidth_in_bytes": 0,
                "base_package": "",
                "cpu_count": 20,
                "cpu_share": "1",
                "disk": 300,
                "disk_in_bytes": 322122547200,
                "generation": "G2",
                "id": "g2-96-20-0",
                "iops_max_hdd": 1500,
                "iops_max_ssd": 16000,
                "memory": 96,
                "memory_in_bytes": 103079215104,
                "name": "g2-xlarge2",
                "off": "",
                "off_percent": "",
                "outbound": 0,
                "pps": null,
                "price_per_hour": 166181,
                "price_per_month": 119650000,
                "subtype": "xlarge",
                "throughput": 0,
                "type": "general"
              },
              {
                "bandwidth_in_bytes": 0,
                "base_package": "",
                "cpu_count": 16,
                "cpu_share": "1/2",
                "disk": 75,
                "disk_in_bytes": 80530636800,
                "generation": "C2",
                "id": "g2-32-16-0",
                "iops_max_hdd": 1500,
                "iops_max_ssd": 16000,
                "memory": 32,
                "memory_in_bytes": 34359738368,
                "name": "c2-large2",
                "off": "",
                "off_percent": "",
                "outbound": 0,
                "pps": null,
                "price_per_hour": 69653,
                "price_per_month": 50150000,
                "subtype": "large",
                "throughput": 0,
                "type": "cpu"
              },
              {
                "bandwidth_in_bytes": 0,
                "base_package": "",
                "cpu_count": 16,
                "cpu_share": "1",
                "disk": 512,
                "disk_in_bytes": 549755813888,
                "generation": "LS2",
                "id": "ls2-64-16-512",
                "iops_max_hdd": 1500,
                "iops_max_ssd": 20000,
                "memory": 64,
                "memory_in_bytes": 68719476736,
                "name": "ls2-xlarge3",
                "off": "",
                "off_percent": "",
                "outbound": 0,
                "pps": null,
                "price_per_hour": 155847,
                "price_per_month": 112210000,
                "subtype": "xlarge",
                "throughput": 0,
                "type": "storage"
              },
              {
                "bandwidth_in_bytes": 0,
                "base_package": "",
                "cpu_count": 24,
                "cpu_share": "1",
                "disk": 300,
                "disk_in_bytes": 322122547200,
                "generation": "G2",
                "id": "g2-128-24-0",
                "iops_max_hdd": 1500,
                "iops_max_ssd": 16000,
                "memory": 128,
                "memory_in_bytes": 137438953472,
                "name": "g2-xlarge3",
                "off": "",
                "off_percent": "",
                "outbound": 0,
                "pps": null,
                "price_per_hour": 208403,
                "price_per_month": 150050000,
                "subtype": "xlarge",
                "throughput": 0,
                "type": "general"
              },
              {
                "bandwidth_in_bytes": 0,
                "base_package": "",
                "cpu_count": 16,
                "cpu_share": "1",
                "disk": 100,
                "disk_in_bytes": 107374182400,
                "generation": "M2",
                "id": "g2-128-16-0",
                "iops_max_hdd": 1500,
                "iops_max_ssd": 16000,
                "memory": 128,
                "memory_in_bytes": 137438953472,
                "name": "m2-xlarge1",
                "off": "",
                "off_percent": "",
                "outbound": 0,
                "pps": null,
                "price_per_hour": 178403,
                "price_per_month": 128450000,
                "subtype": "xlarge",
                "throughput": 0,
                "type": "memory"
              },
              {
                "bandwidth_in_bytes": 0,
                "base_package": "",
                "cpu_count": 20,
                "cpu_share": "1",
                "disk": 512,
                "disk_in_bytes": 549755813888,
                "generation": "LS2",
                "id": "ls2-96-20-512",
                "iops_max_hdd": 1500,
                "iops_max_ssd": 30000,
                "memory": 96,
                "memory_in_bytes": 103079215104,
                "name": "ls2-xlarge4",
                "off": "",
                "off_percent": "",
                "outbound": 0,
                "pps": null,
                "price_per_hour": 198069,
                "price_per_month": 142610000,
                "subtype": "xlarge",
                "throughput": 0,
                "type": "storage"
              },
              {
                "bandwidth_in_bytes": 0,
                "base_package": "",
                "cpu_count": 20,
                "cpu_share": "1",
                "disk": 1024,
                "disk_in_bytes": 1099511627776,
                "generation": "LS2",
                "id": "ls2-96-20-1024",
                "iops_max_hdd": 1500,
                "iops_max_ssd": 30000,
                "memory": 96,
                "memory_in_bytes": 103079215104,
                "name": "ls2-xlarge5",
                "off": "",
                "off_percent": "",
                "outbound": 0,
                "pps": null,
                "price_per_hour": 254958,
                "price_per_month": 183570000,
                "subtype": "xlarge",
                "throughput": 0,
                "type": "storage"
              },
              {
                "bandwidth_in_bytes": 0,
                "base_package": "",
                "cpu_count": 20,
                "cpu_share": "1",
                "disk": 2048,
                "disk_in_bytes": 2199023255552,
                "generation": "LS2",
                "id": "ls2-96-20-2048",
                "iops_max_hdd": 1500,
                "iops_max_ssd": 30000,
                "memory": 96,
                "memory_in_bytes": 103079215104,
                "name": "ls2-xlarge6",
                "off": "",
                "off_percent": "",
                "outbound": 0,
                "pps": null,
                "price_per_hour": 368736,
                "price_per_month": 265490000,
                "subtype": "xlarge",
                "throughput": 0,
                "type": "storage"
              },
              {
                "bandwidth_in_bytes": 0,
                "base_package": "",
                "cpu_count": 24,
                "cpu_share": "1",
                "disk": 512,
                "disk_in_bytes": 549755813888,
                "generation": "LS2",
                "id": "ls2-128-24-512",
                "iops_max_hdd": 1500,
                "iops_max_ssd": 50000,
                "memory": 128,
                "memory_in_bytes": 137438953472,
                "name": "ls2-xlarge8",
                "off": "",
                "off_percent": "",
                "outbound": 0,
                "pps": null,
                "price_per_hour": 240292,
                "price_per_month": 173010000,
                "subtype": "xlarge",
                "throughput": 0,
                "type": "storage"
              },
              {
                "bandwidth_in_bytes": 0,
                "base_package": "",
                "cpu_count": 32,
                "cpu_share": "1",
                "disk": 100,
                "disk_in_bytes": 107374182400,
                "generation": "C2",
                "id": "g2-64-32-0",
                "iops_max_hdd": 1500,
                "iops_max_ssd": 16000,
                "memory": 64,
                "memory_in_bytes": 68719476736,
                "name": "c2-xlarge1",
                "off": "",
                "off_percent": "",
                "outbound": 0,
                "pps": null,
                "price_per_hour": 133958,
                "price_per_month": 96450000,
                "subtype": "xlarge",
                "throughput": 0,
                "type": "cpu"
              },
              {
                "bandwidth_in_bytes": 0,
                "base_package": "",
                "cpu_count": 24,
                "cpu_share": "1",
                "disk": 1024,
                "disk_in_bytes": 1099511627776,
                "generation": "LS2",
                "id": "ls2-128-24-1024",
                "iops_max_hdd": 1500,
                "iops_max_ssd": 50000,
                "memory": 128,
                "memory_in_bytes": 137438953472,
                "name": "ls2-xlarge9",
                "off": "",
                "off_percent": "",
                "outbound": 0,
                "pps": null,
                "price_per_hour": 297181,
                "price_per_month": 213970000,
                "subtype": "xlarge",
                "throughput": 0,
                "type": "storage"
              },
              {
                "bandwidth_in_bytes": 0,
                "base_package": "",
                "cpu_count": 24,
                "cpu_share": "1",
                "disk": 2048,
                "disk_in_bytes": 2199023255552,
                "generation": "LS2",
                "id": "ls2-128-24-2048",
                "iops_max_hdd": 1500,
                "iops_max_ssd": 50000,
                "memory": 128,
                "memory_in_bytes": 137438953472,
                "name": "ls2-xlarge10",
                "off": "",
                "off_percent": "",
                "outbound": 0,
                "pps": null,
                "price_per_hour": 410958,
                "price_per_month": 295890000,
                "subtype": "xlarge",
                "throughput": 0,
                "type": "storage"
              }
            ],
            "region": "ir-thr-si1"
          },
          "sensitive_attributes": []
        }
      ]
    },
    {
      "mode": "data",
      "type": "arvan_ssh_keys",
      "name": "ssh_keys_list",
      "provider": "provider[\"terraform.arvancloud.ir/arvancloud/iaas\"]",
      "instances": [
        {
          "schema_version": 0,
          "attributes": {
            "keys": [
              {
                "name": "Devstack",
                "public_key": "ssh-rsa AAAAB3NzaC1yc2EAAAADAQABAAABAQC7J0lPTrgWRlUjynU+dab4m0ID+bKSJ72VjS5P+8RJZTAXoNVV1a6G83lWffHfRGqQ87XTlz60VEr0b1nh4FaDGulXE65FVsvne48Qqctm1JJRJ5ARMZbG6xtcpFV+QaY11OBOrKZna3SMUHQgs1Emul5IYl5ndbpiBLJmUv5q88iQhCbQc86vQVfw/1EXaDzDsxblUpLSakPwN+YyDdlqI6EgU1TWpnguwYR/mEfd07mzyN4e51uBEBWRovo3c0ITyp1HabY+KxPmuTjYCrIfFfJTwuqJ2S9xXr0C9HBCAVbBmsKffo75nxcDMpFOqOlrCCcnGpxi+bW/752OgG3j\n Generated by ArvanCloud"
              },
              {
                "name": "Grafana-Support",
                "public_key": "ssh-rsa AAAAB3NzaC1yc2EAAAADAQABAAABAQC5/pOZCjRn2gX+J2yd6a3ZJRLZN36qajHgr/1Ik6J02MAOessxlRJOH0dKdGNxGcnWD9YA5HE92Ubzc5cFUzJXnL0/FzwjLkAH4l8ziCktzwN2eWq3S1jJIyINJ1bRD9X6kNOcpwAZSV3/60wHeKe+clICmFcz61AQ29HMHw94Pmxc4BwZ/jLzI680Dkx4O9DCTbdriGt2gJ/1vGuW5kVT4k6+1x4ah5+x0eeTQltH8VvN/jd6CETAvdqxMHqpzuhk24i2UCc30wSBQvknsAXEjR+XH/CzM3Ztz0vjIe9Nbweb4wYD6ErBeIQs+TQTSkXD8I2cKZCsV23io7H2yF3r\n Generated by ArvanCloud"
              },
              {
                "name": "Javad",
                "public_key": "ssh-rsa AAAAB3NzaC1yc2EAAAADAQABAAAAgQCYvosJ0cXmQiPTQdjwPPPeeSAvFXqLWpoQfPKDUIjSTqnAdv842zQhtlbiXcJYeOV1IH4OOlAUF3blmqbI2AK8ICxykN0ZuyNpIr01bnJjkfmfBCBdDxV9FioA4R9xRgxk/29IYi7z8V+V3duEnblOITKQ5fLbpBpm6iCq6DH62Q== Created by ArvanCloud"
              },
              {
                "name": "Javad-Ansible",
                "public_key": "ssh-rsa AAAAB3NzaC1yc2EAAAADAQABAAABgQC2vRhERoHgX772IYn7iyhqhqF60P5VlbB3Dy6F78CfjSnl0px5sk0z667bGaA0po193WuwoTokmFnf7zn/2ghT2ELg6W0KiRLy2brl5xlkuG9fS5fVcVzcrDwqs5Qmch5W3YZf+heOLQi9MlpasNG0JB5ESAmSuDwXt2UjXhXih4GicYvjzKIO3NXlLH4Qc1weoeDAfOh7u3t8IZxzUQAFyFcRI+j76RgsmqrDhrmxqpCVZZswl8Zu0oCWfDj5EyEgCgBRdkPmTIpZrSlPIYLLU+k547kdhzApipgTsXxEPOALMhby3EB1/MKryVATxOFItHSCxLajWO17TqdK5dIqpA4t7edCOkNCN/ntx8BTcIlXxywODBqMd/2OoLQHXvH9MtsuPu/hjldAYt94Dtvr0dFIQsmAIBR4Jp9TgxwbkdcWVULxjRPpaDjUlLeLi1/c/B7ubt04vbm3JXtf+klfmGTtKONbr9UAO+Qko0mtWlFubTgw+FINwdRogk9ZMlc= Created by ArvanCloud\n"
              },
              {
                "name": "Pooria Dont delete",
                "public_key": "ssh-rsa AAAAB3NzaC1yc2EAAAADAQABAAABgQCvJpss1PboLH3NCTbAcOB2qJjzrtxtRu4QUuFV+ScaMrCUvKXXJQEpTbIpA5Gc1UBkxMEPtM/XyvAnLdqmJMmmTT2j7Dpo1dGGsTvPMEGUwTB/t+Hr7+NJGfLPLO55JnecrlXU7gdWJddNeiaQMBE+cV01HMb68dUxKhhHposB9UQQZDe/yPouLAA7OtWArr2svbzSHhPvQ/WaaEO/1Vgtrz/urV3nvh5bf+VA6cX7hCKgCcVJentwkIAD3EU6NtI/Qggbv+hlCU/zxeCwNqZmiyNsbFbf8OBqeqRaBC5QJR4g1N8v6BVT4MFvDBhVrK4dkwadaAwDyICr7w4GYptW9ZYDXsMU5TWHFUdu09wQpJ/R5S3gR5j+4mNI+wB2mqKOHxkGVg+2MSvuVPlm1g6QKr24ce6fxXHvrgd5s8ujbDXFNm+KevMKELPpyOUePcFik/ZjgBgeDk7UUb0qqcBECvThdgxm6KTQZa6R8MlW0BUZBmMAowz9WTWIQiICLSU="
              },
              {
                "name": "Sepide",
                "public_key": "ssh-rsa AAAAB3NzaC1yc2EAAAADAQABAAABgQCcdcu1UUfKoVM6xvGDdNw94RwM0tG3sUF/UgdLW6oB/eQlUxmn/uo8yk6PAVcZkO17A2YjwQOAobtvv5cic1/RvcFaCSpP2PVl6ignRRhX/EvA7TCDLHgOVpwjkZno8Kvdq4tKC8hnuMVLVyv0Ye74d6LItwaYG0djnfdQM1e0Mjfy7kXXC+AAoluw4AT8h+26l29drNEb8EYkXkimbjRUCEme1eGkndLwJp2zzPZ12+uxnDCbAIyLZ5L41XC808M5x2LuRGfDQ4W0h2AzmtZuU4BJA2ktth/Mw8CkzWlb2CfUVJPQSayDjUUzy6IcbCAeOtE87ahFS3R3zsIwAQKal3pGVcYVGxCw7ICs9+PGc+Kj//bzM3z55buEQ8K/ji5QCLCbVi9iQuU0rzTv2j0VA58MBd1BorwgAXauZC5CqmkvICGSN+LQAUpcbRYqlztQd5yq7+T/2xIGRg11kcEh2p3nxcJ3bLwzpxmVuqpG0JDD9MjuhkQDFrRrLkOleQ0= Created by ArvanCloud\n"
              },
              {
                "name": "TEST",
                "public_key": "ssh-rsa AAAAB3NzaC1yc2EAAAADAQABAAABgQDP08T1cfTrFInHuMsNyFPK90MDamgeDkKFCgYxWjmy2OG1pmTei17TRzjuPQ4YVwh5urps2H3hVeWSv+BXeEYGq0HYH3+pawpswPOd8b8KK9yo0ZyYaSKjjoGqqwRI/IJVVDPcc9iVA/G7ruNrvpSsA4ouufxj2VHDD5VL1MwkJJbt1UlivoA0lXcuD+llXlkkbm6maUXBv2cKgHV8NCLI9iRrAmjlBQEMx9es8ysiAg7ig67zgV06/YeN1L0jPQilAECDjx9DM8bYb5nFXGeUnUrWFOnmL44EleWfcDLJ+lGROY4et8i1C19jWEAQFobs9EHGNpzuZEGRN3I1mhQ5+Zu1N4c1DDk/+qCcWBRi5D4AkY/I8uh7wXxJ69ICFcYb4NUYrEmFxJg7U7HZVH0rPqIDbR3bLcAE7BvbE0lyXM5uEmODGX/pQPsOkGNInSZZ6FqxpYP/PdWnDacrj34SzL4qN69oeRTHoqt+jSzG9UVOxIvNRo+09kg96iIEpMc= Created by ArvanCloud\n"
              },
              {
                "name": "TEST2",
                "public_key": "ssh-rsa AAAAB3NzaC1yc2EAAAADAQABAAABgQCvJpss1PboLH3NCTbAcOB2qJjzrtxtRu4QUuFV+ScaMrCUvKXXJQEpTbIpA5Gc1UBkxMEPtM/XyvAnLdqmJMmmTT2j7Dpo1dGGsTvPMEGUwTB/t+Hr7+NJGfLPLO55JnecrlXU7gdWJddNeiaQMBE+cV01HMb68dUxKhhHposB9UQQZDe/yPouLAA7OtWArr2svbzSHhPvQ/WaaEO/1Vgtrz/urV3nvh5bf+VA6cX7hCKgCcVJentwkIAD3EU6NtI/Qggbv+hlCU/zxeCwNqZmiyNsbFbf8OBqeqRaBC5QJR4g1N8v6BVT4MFvDBhVrK4dkwadaAwDyICr7w4GYptW9ZYDXsMU5TWHFUdu09wQpJ/R5S3gR5j+4mNI+wB2mqKOHxkGVg+2MSvuVPlm1g6QKr24ce6fxXHvrgd5s8ujbDXFNm+KevMKELPpyOUePcFik/ZjgBgeDk7UUb0qqcBECvThdgxm6KTQZa6R8MlW0BUZBmMAowz9WTWIQiICLSU="
              },
              {
                "name": "afshin",
                "public_key": "ssh-rsa AAAAB3NzaC1yc2EAAAADAQABAAAAgQDY5TYh2zEnlaik7M8cKzqBgiA/XqhM0PMpHDsfbXRTsUVnofKKabX6kV/u0qS7jdLPs9lHcBhTSDKdKpsNwZZKJLiUstHjNqjRvLHSGKwXhdqHNTmmQfR/cCEJiLy2wj2mziNt4Ad1zli7RqLZE37gvkL/ME9RmRk1xGDpfvTs5w== Created by ArvanCloud"
              },
              {
                "name": "amir",
                "public_key": "ssh-rsa AAAAB3NzaC1yc2EAAAADAQABAAABgQDhLcr7yicX7XVc3mqZsz7xZHx+ecjtmB0hQUxYLrvF3cBwKCsnwJ/hD1m2icr2EiysOadeKvRtIUPBS92u2KOKGnSw9yd/DcsanFNCaqCwRHMBjgZavH76q+CNvXs++suFm+CU6ysBjfJnrOmYiOSI0qN+3hNfVEU/zQGkG0inkWpOjqnXHY6qYp864a0ZcnH/sK+uIqmlTTfi0RhgXYkRXxZf0ZAYwILzQrxRbz2203Ufhuyln9oyAOVHrKgOlaAd/bdPnRCuALyR/SSq7fnc9dFqcu7eEaj8t7E0vZYyoAqHyqkH2dxKz+8yCsxr5Dr9uWM0EdYorLZHv69Ce5oi0gXFThpOpjQRQWQHQeQz4/ABg6QlmvM8tg+kHpynOOpMSMeRMd0DvUJQxKVk2wqQenT8nrISIgyQOYo5rTakjYMwA8qe9FtCe1tiHSJUnzgVvOGZ20XbY5Sl4xK23itOj7Wj4+6fKpyA6TKJyBbofNq2ia96jhqZ2gupUMDRzss= root@A-Aghamohammadi"
              },
              {
                "name": "amirrrtest",
                "public_key": "ssh-rsa AAAAB3NzaC1yc2EAAAADAQABAAAAgQCaUH2RxwhWM6VNjDKpbdfLPaDas1r/AeyIiLuO4KG0bTu2cyfemPPRPqLjs3MQaf2udM2vPpjieHUNPTSwap1XTdHy1vHeXb1+I/D60ZxBtJcs27/JmrsieK1ax/H6VALpNUtePe4q69YD/F7QEMcIjZMX5QT709tbY36h3U2n9w== Created by ArvanCloud"
              },
              {
                "name": "amirtest",
                "public_key": "ssh-rsa AAAAB3NzaC1yc2EAAAADAQABAAAAgQDHz9qYsGdeRN4fn5TzH5LPz0lHw47RAb9edfhu9R76gYdkTNpyGXS7TUGdVy4yFg+vU+SPcyEpoQgBnEf9rKpgCIRQhKtYabD+fYXmY4AE9gkMh+i/+F42LqFBQsSKoB/hOe+8aMwq3gF4Vxb0DOr0N7BElIP6wi2lBQ5xkCizVQ== Created by ArvanCloud"
              },
              {
                "name": "cloud-comp-ali",
                "public_key": "ssh-rsa AAAAB3NzaC1yc2EAAAADAQABAAAAgQDKTqQoo/HTIS/s5oZMpcY6icmdNpMrpZjuaitqrCz9KppxGu6MplfWbFwZfM5dks9gFMnpbVflZMtYwz5qSZRzDoPqCpO6DFjN/f8kJGea2VBe4Hxz0FdL9p2C/5HCzk9kt3I6EZK66vQOywO9As4GwX+vFjor6zCwUrF74UMPAw== Created by ArvanCloud"
              },
              {
                "name": "dndjnd_dbdb",
                "public_key": "ssh-rsa AAAAB3NzaC1yc2EAAAADAQABAAABAQDQkRQ1Dsb1Fa/8IT9yYpM9pBkvJni7KchC0QmOjXcztzKSJBLbGxIAdj2W43UOM+hrMOesorBf9Pb/8sefiz5rQNsUKcYPCqWydNDPWu2fh80hieTpEgagXiRat0AEkNYRtihz8j11Iov1XF6R0gPk5ZE51byxnGCoe2ffNDC0Eo2Nyno0s+F+8iym/qRGQ1Ekji5swZNt2/FUthvmYW5VgclrG97+O9O9TOTAYTrUH+JydH4lpUyYBD4lwikV2FXoyMJwfY8H0ylAZVB+XVCTKccrrXPmWCMw2ies8WmyYuz2BY/z5f3RUcPnl5kKwd+wDkRWXIypMuQ+VVfKkUIb\n Generated by ArvanCloud"
              },
              {
                "name": "dusti-callcenter",
                "public_key": "ssh-rsa AAAAB3NzaC1yc2EAAAADAQABAAABgQC0n55m+YWLeaAQKcul/jgfHKcKs/+zkrJsj8h39xDH7xs3VzKFVqYrNLtVyINSbSUaeX86nKYBaWRKy8Vl73Spm5Y6jCg4q0Ml4PbGa1qh5lvUlhCtJ6Wgz3q56Ol3foh6vWMA7aEiF0ZYjHkEg4xrslxM9pQYhVfz6eZqJcnJDmVKE1o1VwzgJiLdUkhOd4cJy9rF1II8NvHTPp0IliWCaQ3wLkI9xS7LLbLDjDQMfomzNKCEXPidPIp6Dxu5oTR/On7fc2uO6XWORZMgMPuBsPv/h8LWDi6RI1ZVOcI9sfMJneOTlkOrWQRf2mGddSJJvDgQthU52Qa4xSMpcncYshFMwl/szN7xItn41qbChirgeQDViPqV2TTXfFcZcqIRsz/ct5CTogmQNf0UuLSAEkIDmLiPtPSdRGHe6ViY5GZaTC8Ufxsay+KoIbJC5oKVWgP1P1a1+p9bd8Y5rHrJ8Hy4vraYhJtq2HLKe66tCQoBahvjDEjSNtEXDsVLZ7k= Created by ArvanCloud\n"
              },
              {
                "name": "dusti-ceph",
                "public_key": "ssh-rsa AAAAB3NzaC1yc2EAAAADAQABAAABgQCg1f7gN5U/LjAn6s0bwjwol7OrzwEj6rxCYFG4zqRSdr0wpKntqxmUbMb4afFc5Em2J3hJMe6Lz+U7/m9ZjEa/kjIZ6ptSog2H5zuVm2IF8VDdzSyXdJVGGCgnIiiiMql/XtKRx7+E0aQRIDGpE9dB0mmWHyt3q+zGFBb3g4AkE1V0nThpijQGNhG0otX00DyLe5+ndRqALNQyFts3vZSd/nrhfD9GlPg+Y8RlnYntX+x68+vAOyPlJu2YLq9ktA4sWtUCjlPafWo9Q3HeCfQBkQjVbSypKOyhG3UXtJQKurA+PJO41CXXKZxQHnM1XP+c09IdP1ZD6UF4flMBp7oPpAoNsbeMlF0hYPTf+D5FE/BYAa7gI0G1GbuyxNjVpiUEEpTDyfIpfuRHo0DqWcoOvsuMdl8PqRQty98w/xwIMB44emLRYwcA7rwl5761MpRSY7xy/yX0c89JfIIFdQXjfVQf58RhKM9lljyaT12Li9Bz+qqNjiHkEP4tHKcOY4c= Created by ArvanCloud\n"
              },
              {
                "name": "eee",
                "public_key": "ssh-rsa AAAAB3NzaC1yc2EAAAADAQABAAABgQDK0D/LBOMUZZiPqw82R0kojGxA7gcQ7IfkLj0zuGC33VN7w8kfFdPB8OIbLwnYOae1P//KV1XNdmT9ncElnMlD1pG6Y3qg3wTD+s2OCOTqCFybC4F4Wbvah0NnynrS3ordz0G6D4kdd1sBJpO2c4GeQXceI+yzMmSWYcrHeBUNc5YG5NLME1mtYjo51kPsdhwVm16MYnvqZzYxtDEGKm3UXUuC4WSIBVEt9Cd7H0AcNk1FSGN0iO3kYXCnK7VOt+2jhF0WlgOEhjRMvsCkdY3acGMcYSls9gHbHl65qSPcdhHwG5S4M7OdTt/jxg6kUET7neWcBcNbQyx/GVA6WHiGbImyALIt+f5TTp7rXYque/FYJn4a9i5TlTecshJr8dHSny3PD6FdHMA5GYBV3/skF1dQZ3kBF/hBvWXs4U/et0p2wYXboCJVy/KV/eO92X8uop2sodsbvg8ISkqUL59d0U/ILQYHLXeF0e+0W2tr5FAXQ74QDdwDcwnR272VRqM= Created by ArvanCloud\n"
              },
              {
                "name": "ggggggg",
                "public_key": "ssh-rsa AAAAB3NzaC1yc2EAAAADAQABAAAAgQDbbPMzxIEmP3C6mTa2wKZpYFlVBrhyhejn340NSzXn+NDzmenyOBtFoo+4t2twOfT9pyrTeg1iTm0U4Ygm8TvzenJ4mIabvDEJU04O76cDjYWhwKTwREUOSXIfz4h0JsqP+d4uZgGnYyQWMQnH8+3LJqaUdnVzBcJ0Kk/nYVIbTQ== Created by ArvanCloud"
              },
              {
                "name": "haj-ali-all",
                "public_key": "ssh-rsa AAAAB3NzaC1yc2EAAAADAQABAAAAgQD7weohNcCB3nXWvvA8RGnyHDaSxqBbBd3WeJ0AQsMGVN/xctiRHBNKrjCZfGytgCLZvATPR+SfhEw3ebU/Up6+7Sxhwt3btpYBGLqdSwKcXPWbPTo7+tZkx2l7XgTNJnCmd6LBJ6gEqr0F8dhTCF8OhuxnWDATm+t/KVbUpM1bGQ== Created by ArvanCloud"
              },
              {
                "name": "hooman-keyvan-afshin-test",
                "public_key": "ssh-rsa AAAAB3NzaC1yc2EAAAADAQABAAABgQDDxdCHek4qhdgQ3cfHUq/9ZeAcJpJ1CYLzET06JcuRBiuZA90KKBzzMaktUxgBqiwP7H/oysqCPZQXikkI7DEWs29jienAwuVlYHZm34fPKUYFGjZiQaxrzB75//CLJS7VF/VI5x+CanAkbgt/FkLJpxiraSP0fyOdqtDDd5bfkwro/PdVIMODy4gcu40SJwj7DpkTNDSmSNfOMbnnrRHFQGLn9Y5Huy+vJC4b8ciE50k2zT+asw46R5AO0x//8Stq2UR4D9+05NkXqPTgfO5AIV0pBdIIu2iasic4EQTly7ignrIn/cTYUd/vGCgUNBeE84Cx7kzT33DaSM26rIU2mqyviMiCkDAa2YVuTUISMIq2b0F67TMMtokFU1z1pfVCJUj/FBLq/C/DVFtjJ+Uk3LICAxt7LEO7q/Jd2y4BDcMmMTwuV+zj4fOS+2HHhz2ff/HIhKvDMDm7XuP+8rfY65wdbtMZjmx33Yt0FG7I9PI5Mz3u1iOS5qLsaV7T+m0= Created by ArvanCloud\n"
              },
              {
                "name": "hooman-test-centos",
                "public_key": "ssh-rsa AAAAB3NzaC1yc2EAAAADAQABAAAAgQCqCMzEbtScB2YZ6sP82TC0oLjbnNY40WLLEkxMJQ4savZfgxt9LFQ+tDPIBUs4ZS2fztIyrKAxq8TsjbnfEVQrUgf8zh6hxmq32NZovNOaMJIgdvV/0uMsyfsrbUGvrv3GbJkToX0sJdzMFU/m7ynzIGOt4xPW5V3B8Cdt8LBIww== Created by ArvanCloud"
              },
              {
                "name": "kang",
                "public_key": "ssh-rsa AAAAB3NzaC1yc2EAAAADAQABAAAAgQDsutE4rF1q2t3gguHG/SHbs5c+6CwY42h/lR1xQOJWF7N++xxfYf2aNdcsm8F8YIbOGy69U6/N85kyXTgiG/gCr15BS8rJKrwKBvyP3m0m9mT0bktNbDMkjqdYHf26zNVdGjW1vQtpyIjM9+WW/kzsZWtQODJ2y5p4ysgpHmAz0Q== Created by ArvanCloud"
              },
              {
                "name": "keyvan",
                "public_key": "ssh-rsa AAAAB3NzaC1yc2EAAAADAQABAAABgQCyS2CycW1IIQ1tSSy54BuIWGBRLxSWoID0cbAwnxYXkotjGDlUgWpSXcyygksr6M4n73it6O5r7TUeGEbcT3wl6A6iElIPgt3EhgB6YSFKOGHTWDTEOVBJelPHTMG3gfr9+BuNXXo3JS+XMH+zGmGLj5ZEcBrpv1LORniLEx6mlw53s6aS3OkAMP6rbRhmcRZDeNeZ5mVFw6msLA4jXqJgsu0CWaJhX86kh2rdTkk+Y3A8XlAhN3c40oIW2gXOd7o88soNOzjMgqAMuTE4YOhzKlcXoT0BLVL/v95oF89xX0EwF/h+Mu/BBZXzyMTvKJKNB4nsqhqFInnLmfjZXip6xkr4af+HmxAORDAw1S07P6MTfOy/NBckKbw5Vmna2thgc5s+Yg8c3oW1oQKcPBEgpgzi/oBFXNt4dZD7BGgVWxsnFAGq9xAePrKlSgiphulsQEhFNu/ws2rRgMdd+DvQn25ZCyfPQAIT/MZhqufabUJA6vunOwRBwUeXFL45kfE= Created by ArvanCloud\n"
              },
              {
                "name": "mhmdrza",
                "public_key": "ssh-rsa AAAAB3NzaC1yc2EAAAADAQABAAABgQCoX3Gx6fKUJjlVPJvufLePF8UBIGhQrmptYX1KO8ZI7A6FtSs1jj7AoqZW07/j+VCNze87nP0COTE/06KxCRJCm/Y/y0o02262DPCey1GXCA6a8ebk3Ym7g8B4v5u73ApbzBFgoxWroV4B9RxxHhc4gh4TdU/IVegmqjjkY283cm5FrtMgg9VBlJwP+2dC4wZlc9cFv5Ww+I5hV6J7y260eHN2hBNjSWVTLXjnB43UrCbidE4DWvijktvowTInx4nwUPplIvS0ES18Y5uz9zoyfJL0Knd8o5K1HosOzwmSB2zRMnoOl90Z0CDP93IgSAmgDBk9IwMWHn6MUWNs+JxNkJ3tk54Kew+2u7OLmlbiqwGe2Lo8n7yL8U1TqDp8API0tECPgAvC4o6L6ioZ0hVC8GLpRFLqqu6ozk2B9J4l6ITXzWbnYXEqnH5yJq00yKZOWYLwiyiNpTDaI4B+sMzJuiVWc7Mx+ZA3UfQatj6WGfhvl5InxpLQ6JEU/8h1Rps="
              },
              {
                "name": "monitoring",
                "public_key": "ssh-rsa AAAAB3NzaC1yc2EAAAADAQABAAABAQDadeKL/NKMeHxzHUcyXqj4xyTPbxEo4nC0812T9gsOs3fUtQqfOsRDAq4gs9sVtI2uvqw6SlTJ9TVGOnKJB+/fD9nDQgNOE7mJaxCm+mV3bmqoS1AJl2qcLaREeMbEn7pZIKxCH8B6qfa8KTa6MyEdD5PabxPMsD35AeEeN/GrUs6glkP7knAlBWrJ8/1yDCc/s/Z4XHmnmJI88njr9oDJC9b+1Oxa6QKOnBPqEzviCCkT5Ztd1iUqH4MVbTFG4iSy5hnPmhlUe5hll0sYHvEZ4FVVym2SrMxFTXxEn0L0Kb1AUzruNgr5jYU6CyZ2j8cRIk/dBebPCsa/WL49g9Lf root@A-Aghamohammadi"
              },
              {
                "name": "openstack-key",
                "public_key": "ssh-rsa AAAAB3NzaC1yc2EAAAADAQABAAABAQC8dBs/ev74mUWoI8phwiY15xDSNK7Mdvy8ta0na+OGvDd0aOghvAfpwop/wEnlmj+V4wkmKo1hnmfK1FS0JWwNoVTo/GyhSVnd2wJ1RtQUluauhVZxhmURipsltNYjmwZR7h3vyP7cEUjuGB44BHYmrIbr/qvLQ1takQKM6tmP0H6piYKDBBP7N19cDHU7K/RRuX58vGO/OR5lvg/AfHQG2rfweitGaK/yBdlR5uvl4AClPjaQ9yLqDqL8lXdv8Zwgo8w7ARzC1Zn93SOGI1okoR6GMvG2DRJwXnUHZeL4Hcu2Hfite2sLVFsbIH/1f++mb2JBIUSl61hpiLOV7Na5\n Generated by ArvanCloud"
              },
              {
                "name": "pegah_test",
                "public_key": "ssh-rsa AAAAB3NzaC1yc2EAAAADAQABAAABgQDgBimHl0Lx6kB4AmSM/KKG7CvnquDpxrTc4BEU2slXz3SBLR36RKwInyz7VEc4jZKvDYErMPXkbMCjTuiihgEB/CnCqgy6tXQV2VBHs7GI1cVWA19mN5vKu01NizFhuzjGEunCtutSlBCnmTP8389Nb8G6Ao5ksv3dCN4JcnKE3TeiEOqr1+Ty/eN4Ikh+Ns8CxuHjsJO+A6MAqWSvJSg5UR4Uwhi79aU6oKm3KAdZRh/0aTaHXWyEe8SQi7B2C3wiPSJJX7rZ7Ye+w8fHMYbNJ8mpPXQRWTXrPRZmAs0gYR9BDXfTnqGBZO+a8H1JRi+z8FlGaX6t9D0cMX3kQvGE0GDCYjQYdkTgltP1iVNe9TNZ9JGAaaaPho2a4HYKW1svEnj2LXKuEA5MmmpsfugE8PEGQvfYoXCjdS6nhQBG74UYPYdl/14NAlQ7CXO9Lb3aL9Aa7jMkkdN0g9kNSJ+TNhZ/bn4mEVT1Ze95gvGSAh4T42J26R3ue/mpglmn1SU= Created by ArvanCloud\n"
              },
              {
                "name": "pooria",
                "public_key": "ssh-rsa AAAAB3NzaC1yc2EAAAADAQABAAABgQCvJpss1PboLH3NCTbAcOB2qJjzrtxtRu4QUuFV+ScaMrCUvKXXJQEpTbIpA5Gc1UBkxMEPtM/XyvAnLdqmJMmmTT2j7Dpo1dGGsTvPMEGUwTB/t+Hr7+NJGfLPLO55JnecrlXU7gdWJddNeiaQMBE+cV01HMb68dUxKhhHposB9UQQZDe/yPouLAA7OtWArr2svbzSHhPvQ/WaaEO/1Vgtrz/urV3nvh5bf+VA6cX7hCKgCcVJentwkIAD3EU6NtI/Qggbv+hlCU/zxeCwNqZmiyNsbFbf8OBqeqRaBC5QJR4g1N8v6BVT4MFvDBhVrK4dkwadaAwDyICr7w4GYptW9ZYDXsMU5TWHFUdu09wQpJ/R5S3gR5j+4mNI+wB2mqKOHxkGVg+2MSvuVPlm1g6QKr24ce6fxXHvrgd5s8ujbDXFNm+KevMKELPpyOUePcFik/ZjgBgeDk7UUb0qqcBECvThdgxm6KTQZa6R8MlW0BUZBmMAowz9WTWIQiICLSU="
              },
              {
                "name": "rez",
                "public_key": "ecdsa-sha2-nistp256 AAAAE2VjZHNhLXNoYTItbmlzdHAyNTYAAAAIbmlzdHAyNTYAAABBBJV4SNYz99YI4Z774oOZmxNH3Z2QUcIVIlylZgaxpBNHr00emb8sgV8xUyeerUjy7++DHWXyFPwtSmPVK15mCUo="
              },
              {
                "name": "task",
                "public_key": "ssh-rsa AAAAB3NzaC1yc2EAAAADAQABAAAAgQDc8+CqwKVxDXcIwABXH0pMaNusHf2ZjKFhMVM3oB8lYgwQxISUcTbhhCxMTHbDqQaHMiUr9VqnLIACaVbzWEg0TRdp90iL4KdaAYoxL3igWebiHnumfDkC940iCZw/Jz12OcoOmT84D6gm3NV01axcTLqZ8s+ReHPLEuAFmDSCPw== Created by ArvanCloud"
              },
              {
                "name": "test0",
                "public_key": "ssh-rsa AAAAB3NzaC1yc2EAAAADAQABAAABgQCw2/R0NzMMf+s2yHdxRLJReOlZGe2UBHrhmnWuidWRa0di+6V5ooRSs/I52/ma5ppp2pHaGkkQwy4HclQm7xnYev9d5ZIdVJecelPlsmV4Pd8fSidnvHEkiEUOmFPZqTgMbtK9nJ4S/wQ34RNjdHyBNeqrFfkM+629QpQbKTqhegxsEzn2/O6hSOAmkELUOZbnLyLljPni8pd37SJBhhxvsFR9jJXnO9iHcFj+TmoF6xcpCJe4o3p4rIbxqG4Dlnuc0OloPrUi9dEX/6rAO04MDIxqkGiNACMGCOyO6NHwrgSsQ4CBNm6RoirENgtvEuwbLgv2eqQwdzcymQBXk7M2URTxDeq1p4b94oV/ejiBdAMQDz5BDi+2PfMfR6CM+nFAOyoe18d8vmYfDyObNGwJd1tKbjyxzWZwlrjuElwekETchgfE4hyV+nOf9AGGAKRJx9SpSZgDYiyAwKsS9QXekOgxja22R7WVrTtv+rPl8XxMUOj8mMgBHxrKtDCqzPk= Created by ArvanCloud\n"
              },
              {
                "name": "test1-saeid",
                "public_key": "ssh-rsa AAAAB3NzaC1yc2EAAAADAQABAAABgQDIF6FDBNRdYcTxhn2meC4DmHazptVlYIxSqcY4LalbXG48dK1VmJ2IWVAEKtD0d3JchqT6OZNeZxa7FkZlrYGubP0wBUAKysO1bT0hvXGJc5BKC8wZpeZzl+9NgGbFRhy0ebpPnG2sbitWfxET6D+NNrhxMS0P6DC/nNnSzkNLaKY+Z8JEjhcJl5ujN/fhrRPlrLJtz0vh8mCWbbI4tkTqS62s8ViwsgYboq0h3GUMx9DzR7L/hvXUFmfBm/u036KXUgqQUXiEhCW3zOTsRVhIzfXYZoXqWwuMcuv/c4pqx/MCrmGJgoTSdiLlqaID110oLu0o+mWfr2MctvUj3kG1ime8eVR72lbUIu53FXR2ZmyyZV5B+DvN9SqfrHUGItJjhkfleXuI16khFQefvb8dGBk0OHWN8+bUecWNUIYV9CLhZnuH1x7/2zIRSP7r1ACR+PKtBqYg16UjW96uTZ50mY7wnf6GOaUeIRs/hDra6JuQ7GEAzD8yj9hTDhWRUTE= Created by ArvanCloud\n"
              }
            ],
            "region": "ir-thr-si1"
          },
          "sensitive_attributes": []
        }
      ]
    },
    {
      "mode": "managed",
      "type": "arvan_network",
      "name": "terraform_private_network",
      "provider": "provider[\"terraform.arvancloud.ir/arvancloud/iaas\"]",
      "instances": [
        {
          "schema_version": 0,
          "attributes": {
            "cidr": "172.20.0.0/24",
            "description": "Terraform-created k8s private network",
            "dhcp_range": {
              "end": "172.20.0.250",
              "start": "172.20.0.100"
            },
            "dns_servers": [
              "8.8.8.8",
              "1.1.1.1"
            ],
            "enable_dhcp": true,
            "enable_gateway": true,
            "gateway_ip": "172.20.0.1",
            "id": "b8d96eb8-676e-405d-94bf-10e9ab92961c",
            "name": "tf_private_network-1",
            "network_id": "8ff09659-e913-412f-ab97-ecb0f03ff554",
            "region": "ir-thr-si1"
          },
          "sensitive_attributes": []
        }
      ]
    },
    {
      "mode": "managed",
      "type": "arvan_security_group",
      "name": "terraform_security_group",
      "provider": "provider[\"terraform.arvancloud.ir/arvancloud/iaas\"]",
      "instances": [
        {
          "schema_version": 0,
          "attributes": {
            "default": false,
            "description": "Terraform-created security group",
            "id": "951328f7-8260-43c9-bdc4-83df50c4895f",
            "name": "tf_security_group",
            "region": "ir-thr-si1",
            "rules": [
              {
                "description": null,
                "direction": "egress",
                "ether_type": "IPv4",
                "group_id": "951328f7-8260-43c9-bdc4-83df50c4895f",
                "id": "ca95293d-c164-4bef-a364-9ca0fdc1af28",
                "ip": null,
                "port_from": null,
                "port_to": null,
                "protocol": ""
              },
              {
                "description": null,
                "direction": "ingress",
                "ether_type": "IPv4",
                "group_id": "951328f7-8260-43c9-bdc4-83df50c4895f",
                "id": "8587cbf8-130a-4c31-b8d1-e013fd7f64f2",
                "ip": null,
                "port_from": null,
                "port_to": null,
                "protocol": "udp"
              },
              {
                "description": null,
                "direction": "ingress",
                "ether_type": "IPv4",
                "group_id": "951328f7-8260-43c9-bdc4-83df50c4895f",
                "id": "b227ba29-6e4e-4a7f-ae16-e85c909a3443",
                "ip": null,
                "port_from": null,
                "port_to": null,
                "protocol": "tcp"
              },
              {
                "description": null,
                "direction": "ingress",
                "ether_type": "IPv4",
                "group_id": "951328f7-8260-43c9-bdc4-83df50c4895f",
                "id": "c2e0e30f-3687-4ffe-8ace-2ab4b929473d",
                "ip": null,
                "port_from": null,
                "port_to": null,
                "protocol": "icmp"
              }
            ]
          },
          "sensitive_attributes": []
        }
      ]
    }
  ],
  "check_results": null
}
